// !$*UTF8*$!
{
	archiveVersion = 1;
	classes = {
	};
	objectVersion = 52;
	objects = {

/* Begin PBXBuildFile section */
		B0093C4026DCC2F000D142F4 /* SwiftyJSON in Frameworks */ = {isa = PBXBuildFile; productRef = B0093C3F26DCC2F000D142F4 /* SwiftyJSON */; };
		B0093C4226DCCEC700D142F4 /* JCUser.swift in Sources */ = {isa = PBXBuildFile; fileRef = B0093C4126DCCEC700D142F4 /* JCUser.swift */; };
		B015ADD926DCF7410047C5A3 /* ColorfulPlaceholder.swift in Sources */ = {isa = PBXBuildFile; fileRef = B015ADD826DCF7410047C5A3 /* ColorfulPlaceholder.swift */; };
		B015ADDB26DD0BFB0047C5A3 /* JCRegisterView.swift in Sources */ = {isa = PBXBuildFile; fileRef = B015ADDA26DD0BFB0047C5A3 /* JCRegisterView.swift */; };
		B015ADDD26DD0C0F0047C5A3 /* JCForgotView.swift in Sources */ = {isa = PBXBuildFile; fileRef = B015ADDC26DD0C0F0047C5A3 /* JCForgotView.swift */; };
		B015ADE026DD123E0047C5A3 /* Defaults in Frameworks */ = {isa = PBXBuildFile; productRef = B015ADDF26DD123E0047C5A3 /* Defaults */; };
		B015ADE326DD1F6A0047C5A3 /* CheckBoxView.swift in Sources */ = {isa = PBXBuildFile; fileRef = B015ADE226DD1F6A0047C5A3 /* CheckBoxView.swift */; };
		B06D3CF326E7A8FE00254719 /* RefreshableScrollView.swift in Sources */ = {isa = PBXBuildFile; fileRef = B06D3CF226E7A8FE00254719 /* RefreshableScrollView.swift */; };
		B06D3CF526E7B07800254719 /* STOptionView.swift in Sources */ = {isa = PBXBuildFile; fileRef = B06D3CF426E7B07800254719 /* STOptionView.swift */; };
		B06D3CF726E7B88900254719 /* STActionView.swift in Sources */ = {isa = PBXBuildFile; fileRef = B06D3CF626E7B88900254719 /* STActionView.swift */; };
		B06D3CFA26E7C24700254719 /* JCNoticeView.swift in Sources */ = {isa = PBXBuildFile; fileRef = B06D3CF926E7C24700254719 /* JCNoticeView.swift */; };
		B06D3CFE26E7C3BB00254719 /* KAActionView.swift in Sources */ = {isa = PBXBuildFile; fileRef = B06D3CFD26E7C3BB00254719 /* KAActionView.swift */; };
		B06D3D0226E7C7E300254719 /* BaiActionView.swift in Sources */ = {isa = PBXBuildFile; fileRef = B06D3D0126E7C7E300254719 /* BaiActionView.swift */; };
		B092F52226DC7D1F007FA006 /* AppDelegate.swift in Sources */ = {isa = PBXBuildFile; fileRef = B092F52126DC7D1F007FA006 /* AppDelegate.swift */; };
		B092F52426DC7D1F007FA006 /* SceneDelegate.swift in Sources */ = {isa = PBXBuildFile; fileRef = B092F52326DC7D1F007FA006 /* SceneDelegate.swift */; };
		B092F52626DC7D1F007FA006 /* ContentView.swift in Sources */ = {isa = PBXBuildFile; fileRef = B092F52526DC7D1F007FA006 /* ContentView.swift */; };
		B092F52826DC7D21007FA006 /* Assets.xcassets in Resources */ = {isa = PBXBuildFile; fileRef = B092F52726DC7D21007FA006 /* Assets.xcassets */; };
		B092F52E26DC7D21007FA006 /* LaunchScreen.storyboard in Resources */ = {isa = PBXBuildFile; fileRef = B092F52C26DC7D21007FA006 /* LaunchScreen.storyboard */; };
		B092F53B26DC7F1D007FA006 /* JCContentView.swift in Sources */ = {isa = PBXBuildFile; fileRef = B092F53A26DC7F1D007FA006 /* JCContentView.swift */; };
		B092F53D26DC7F36007FA006 /* KAContentView.swift in Sources */ = {isa = PBXBuildFile; fileRef = B092F53C26DC7F36007FA006 /* KAContentView.swift */; };
		B092F53F26DC7F42007FA006 /* BAContentView.swift in Sources */ = {isa = PBXBuildFile; fileRef = B092F53E26DC7F42007FA006 /* BAContentView.swift */; };
		B092F54126DC7F52007FA006 /* STContentView.swift in Sources */ = {isa = PBXBuildFile; fileRef = B092F54026DC7F52007FA006 /* STContentView.swift */; };
		B092F54726DC8187007FA006 /* Tab.swift in Sources */ = {isa = PBXBuildFile; fileRef = B092F54626DC8187007FA006 /* Tab.swift */; };
		B092F54B26DC832A007FA006 /* TabBarView.swift in Sources */ = {isa = PBXBuildFile; fileRef = B092F54926DC832A007FA006 /* TabBarView.swift */; };
		B092F55126DC8A9E007FA006 /* TabBarButton.swift in Sources */ = {isa = PBXBuildFile; fileRef = B092F55026DC8A9E007FA006 /* TabBarButton.swift */; };
		B092F55326DC90DA007FA006 /* ColorExtension.swift in Sources */ = {isa = PBXBuildFile; fileRef = B092F55226DC90DA007FA006 /* ColorExtension.swift */; };
		B092F55526DC90EC007FA006 /* StringExtension.swift in Sources */ = {isa = PBXBuildFile; fileRef = B092F55426DC90EC007FA006 /* StringExtension.swift */; };
		B092F55726DC90F4007FA006 /* ViewExtension.swift in Sources */ = {isa = PBXBuildFile; fileRef = B092F55626DC90F4007FA006 /* ViewExtension.swift */; };
		B092F56026DCA6D6007FA006 /* JCLoginInfo.swift in Sources */ = {isa = PBXBuildFile; fileRef = B092F55F26DCA6D6007FA006 /* JCLoginInfo.swift */; };
		B092F56326DCA7CF007FA006 /* JCAccountManager.swift in Sources */ = {isa = PBXBuildFile; fileRef = B092F56226DCA7CF007FA006 /* JCAccountManager.swift */; };
		B0B0213826DCB16F0059C202 /* Alamofire in Frameworks */ = {isa = PBXBuildFile; productRef = B0B0213726DCB16F0059C202 /* Alamofire */; };
		B0B0213E26DCB3EA0059C202 /* SwiftyRSA in Frameworks */ = {isa = PBXBuildFile; productRef = B0B0213D26DCB3EA0059C202 /* SwiftyRSA */; };
		B0B0214026DCBCB20059C202 /* JCWebView.swift in Sources */ = {isa = PBXBuildFile; fileRef = B0B0213F26DCBCB20059C202 /* JCWebView.swift */; };
		B0B0214226DCBCF50059C202 /* JCLoginView.swift in Sources */ = {isa = PBXBuildFile; fileRef = B0B0214126DCBCF50059C202 /* JCLoginView.swift */; };
		B0B6587B26E67469004DFAD8 /* STBindingView.swift in Sources */ = {isa = PBXBuildFile; fileRef = B0B6587A26E67469004DFAD8 /* STBindingView.swift */; };
		B0E6CD5826E8DDBF0003662B /* BaiHeaderView.swift in Sources */ = {isa = PBXBuildFile; fileRef = B0E6CD5726E8DDBF0003662B /* BaiHeaderView.swift */; };
		B0E6CD5A26E8DE410003662B /* KAHeaderView.swift in Sources */ = {isa = PBXBuildFile; fileRef = B0E6CD5926E8DE410003662B /* KAHeaderView.swift */; };
		B0E6CD5C26E8E2BB0003662B /* KAUserInfoView.swift in Sources */ = {isa = PBXBuildFile; fileRef = B0E6CD5B26E8E2BB0003662B /* KAUserInfoView.swift */; };
		B0E6CD5E26E8E4190003662B /* BaiUserInfoView.swift in Sources */ = {isa = PBXBuildFile; fileRef = B0E6CD5D26E8E4190003662B /* BaiUserInfoView.swift */; };
		B0E6CD6126E8E5560003662B /* KAEnrollment.swift in Sources */ = {isa = PBXBuildFile; fileRef = B0E6CD6026E8E5560003662B /* KAEnrollment.swift */; };
		B0E6CD6326E8E6880003662B /* KAAnnouncementView.swift in Sources */ = {isa = PBXBuildFile; fileRef = B0E6CD6226E8E6880003662B /* KAAnnouncementView.swift */; };
		B0E6CD6626E8EE640003662B /* BaiScoreOverallView.swift in Sources */ = {isa = PBXBuildFile; fileRef = B0E6CD6526E8EE640003662B /* BaiScoreOverallView.swift */; };
		B0E6CD6826E8EE6F0003662B /* BaiScoreDetailView.swift in Sources */ = {isa = PBXBuildFile; fileRef = B0E6CD6726E8EE6F0003662B /* BaiScoreDetailView.swift */; };
		B0E6CD6A26E8F61A0003662B /* BaiScoreMiniView.swift in Sources */ = {isa = PBXBuildFile; fileRef = B0E6CD6926E8F61A0003662B /* BaiScoreMiniView.swift */; };
		B0F007EB26E3339A004526E8 /* STHeaderView.swift in Sources */ = {isa = PBXBuildFile; fileRef = B0F007EA26E33399004526E8 /* STHeaderView.swift */; };
		B0F007F126E345B2004526E8 /* AvailabilityCheck.swift in Sources */ = {isa = PBXBuildFile; fileRef = B0F007F026E345B2004526E8 /* AvailabilityCheck.swift */; };
		B0F007F526E3C4A2004526E8 /* ImageExtension.swift in Sources */ = {isa = PBXBuildFile; fileRef = B0F007F426E3C4A2004526E8 /* ImageExtension.swift */; };
		B0F007F826E3E1A8004526E8 /* Kingfisher in Frameworks */ = {isa = PBXBuildFile; productRef = B0F007F726E3E1A8004526E8 /* Kingfisher */; };
		B0F007FA26E3E7A2004526E8 /* JCImageManager.swift in Sources */ = {isa = PBXBuildFile; fileRef = B0F007F926E3E7A2004526E8 /* JCImageManager.swift */; };
		B0F007FC26E3F292004526E8 /* STUserInfoView.swift in Sources */ = {isa = PBXBuildFile; fileRef = B0F007FB26E3F292004526E8 /* STUserInfoView.swift */; };
/* End PBXBuildFile section */

/* Begin PBXFileReference section */
		B0093C4126DCCEC700D142F4 /* JCUser.swift */ = {isa = PBXFileReference; lastKnownFileType = sourcecode.swift; path = JCUser.swift; sourceTree = "<group>"; };
		B015ADD826DCF7410047C5A3 /* ColorfulPlaceholder.swift */ = {isa = PBXFileReference; lastKnownFileType = sourcecode.swift; path = ColorfulPlaceholder.swift; sourceTree = "<group>"; };
		B015ADDA26DD0BFB0047C5A3 /* JCRegisterView.swift */ = {isa = PBXFileReference; lastKnownFileType = sourcecode.swift; path = JCRegisterView.swift; sourceTree = "<group>"; };
		B015ADDC26DD0C0F0047C5A3 /* JCForgotView.swift */ = {isa = PBXFileReference; lastKnownFileType = sourcecode.swift; path = JCForgotView.swift; sourceTree = "<group>"; };
		B015ADE226DD1F6A0047C5A3 /* CheckBoxView.swift */ = {isa = PBXFileReference; lastKnownFileType = sourcecode.swift; path = CheckBoxView.swift; sourceTree = "<group>"; };
		B06D3CF226E7A8FE00254719 /* RefreshableScrollView.swift */ = {isa = PBXFileReference; lastKnownFileType = sourcecode.swift; path = RefreshableScrollView.swift; sourceTree = "<group>"; };
		B06D3CF426E7B07800254719 /* STOptionView.swift */ = {isa = PBXFileReference; lastKnownFileType = sourcecode.swift; path = STOptionView.swift; sourceTree = "<group>"; };
		B06D3CF626E7B88900254719 /* STActionView.swift */ = {isa = PBXFileReference; lastKnownFileType = sourcecode.swift; path = STActionView.swift; sourceTree = "<group>"; };
		B06D3CF926E7C24700254719 /* JCNoticeView.swift */ = {isa = PBXFileReference; lastKnownFileType = sourcecode.swift; path = JCNoticeView.swift; sourceTree = "<group>"; };
		B06D3CFD26E7C3BB00254719 /* KAActionView.swift */ = {isa = PBXFileReference; lastKnownFileType = sourcecode.swift; path = KAActionView.swift; sourceTree = "<group>"; };
		B06D3D0126E7C7E300254719 /* BaiActionView.swift */ = {isa = PBXFileReference; lastKnownFileType = sourcecode.swift; path = BaiActionView.swift; sourceTree = "<group>"; };
		B092F51E26DC7D1F007FA006 /* JavaClub-iOS.app */ = {isa = PBXFileReference; explicitFileType = wrapper.application; includeInIndex = 0; path = "JavaClub-iOS.app"; sourceTree = BUILT_PRODUCTS_DIR; };
		B092F52126DC7D1F007FA006 /* AppDelegate.swift */ = {isa = PBXFileReference; lastKnownFileType = sourcecode.swift; path = AppDelegate.swift; sourceTree = "<group>"; };
		B092F52326DC7D1F007FA006 /* SceneDelegate.swift */ = {isa = PBXFileReference; lastKnownFileType = sourcecode.swift; path = SceneDelegate.swift; sourceTree = "<group>"; };
		B092F52526DC7D1F007FA006 /* ContentView.swift */ = {isa = PBXFileReference; lastKnownFileType = sourcecode.swift; path = ContentView.swift; sourceTree = "<group>"; };
		B092F52726DC7D21007FA006 /* Assets.xcassets */ = {isa = PBXFileReference; lastKnownFileType = folder.assetcatalog; path = Assets.xcassets; sourceTree = "<group>"; };
		B092F52D26DC7D21007FA006 /* Base */ = {isa = PBXFileReference; lastKnownFileType = file.storyboard; name = Base; path = Base.lproj/LaunchScreen.storyboard; sourceTree = "<group>"; };
		B092F52F26DC7D21007FA006 /* Info.plist */ = {isa = PBXFileReference; lastKnownFileType = text.plist.xml; path = Info.plist; sourceTree = "<group>"; };
		B092F53A26DC7F1D007FA006 /* JCContentView.swift */ = {isa = PBXFileReference; lastKnownFileType = sourcecode.swift; path = JCContentView.swift; sourceTree = "<group>"; };
		B092F53C26DC7F36007FA006 /* KAContentView.swift */ = {isa = PBXFileReference; lastKnownFileType = sourcecode.swift; path = KAContentView.swift; sourceTree = "<group>"; };
		B092F53E26DC7F42007FA006 /* BAContentView.swift */ = {isa = PBXFileReference; lastKnownFileType = sourcecode.swift; path = BAContentView.swift; sourceTree = "<group>"; };
		B092F54026DC7F52007FA006 /* STContentView.swift */ = {isa = PBXFileReference; lastKnownFileType = sourcecode.swift; path = STContentView.swift; sourceTree = "<group>"; };
		B092F54626DC8187007FA006 /* Tab.swift */ = {isa = PBXFileReference; fileEncoding = 4; lastKnownFileType = sourcecode.swift; path = Tab.swift; sourceTree = "<group>"; };
		B092F54926DC832A007FA006 /* TabBarView.swift */ = {isa = PBXFileReference; fileEncoding = 4; lastKnownFileType = sourcecode.swift; path = TabBarView.swift; sourceTree = "<group>"; };
		B092F55026DC8A9E007FA006 /* TabBarButton.swift */ = {isa = PBXFileReference; lastKnownFileType = sourcecode.swift; path = TabBarButton.swift; sourceTree = "<group>"; };
		B092F55226DC90DA007FA006 /* ColorExtension.swift */ = {isa = PBXFileReference; fileEncoding = 4; lastKnownFileType = sourcecode.swift; path = ColorExtension.swift; sourceTree = "<group>"; };
		B092F55426DC90EC007FA006 /* StringExtension.swift */ = {isa = PBXFileReference; fileEncoding = 4; lastKnownFileType = sourcecode.swift; path = StringExtension.swift; sourceTree = "<group>"; };
		B092F55626DC90F4007FA006 /* ViewExtension.swift */ = {isa = PBXFileReference; fileEncoding = 4; lastKnownFileType = sourcecode.swift; path = ViewExtension.swift; sourceTree = "<group>"; };
		B092F55F26DCA6D6007FA006 /* JCLoginInfo.swift */ = {isa = PBXFileReference; lastKnownFileType = sourcecode.swift; path = JCLoginInfo.swift; sourceTree = "<group>"; };
		B092F56226DCA7CF007FA006 /* JCAccountManager.swift */ = {isa = PBXFileReference; lastKnownFileType = sourcecode.swift; path = JCAccountManager.swift; sourceTree = "<group>"; };
		B0B0213F26DCBCB20059C202 /* JCWebView.swift */ = {isa = PBXFileReference; lastKnownFileType = sourcecode.swift; path = JCWebView.swift; sourceTree = "<group>"; };
		B0B0214126DCBCF50059C202 /* JCLoginView.swift */ = {isa = PBXFileReference; lastKnownFileType = sourcecode.swift; path = JCLoginView.swift; sourceTree = "<group>"; };
		B0B6587A26E67469004DFAD8 /* STBindingView.swift */ = {isa = PBXFileReference; lastKnownFileType = sourcecode.swift; path = STBindingView.swift; sourceTree = "<group>"; };
		B0E6CD5726E8DDBF0003662B /* BaiHeaderView.swift */ = {isa = PBXFileReference; lastKnownFileType = sourcecode.swift; path = BaiHeaderView.swift; sourceTree = "<group>"; };
		B0E6CD5926E8DE410003662B /* KAHeaderView.swift */ = {isa = PBXFileReference; lastKnownFileType = sourcecode.swift; path = KAHeaderView.swift; sourceTree = "<group>"; };
		B0E6CD5B26E8E2BB0003662B /* KAUserInfoView.swift */ = {isa = PBXFileReference; lastKnownFileType = sourcecode.swift; path = KAUserInfoView.swift; sourceTree = "<group>"; };
		B0E6CD5D26E8E4190003662B /* BaiUserInfoView.swift */ = {isa = PBXFileReference; lastKnownFileType = sourcecode.swift; path = BaiUserInfoView.swift; sourceTree = "<group>"; };
		B0E6CD6026E8E5560003662B /* KAEnrollment.swift */ = {isa = PBXFileReference; lastKnownFileType = sourcecode.swift; path = KAEnrollment.swift; sourceTree = "<group>"; };
		B0E6CD6226E8E6880003662B /* KAAnnouncementView.swift */ = {isa = PBXFileReference; lastKnownFileType = sourcecode.swift; path = KAAnnouncementView.swift; sourceTree = "<group>"; };
		B0E6CD6526E8EE640003662B /* BaiScoreOverallView.swift */ = {isa = PBXFileReference; lastKnownFileType = sourcecode.swift; path = BaiScoreOverallView.swift; sourceTree = "<group>"; };
		B0E6CD6726E8EE6F0003662B /* BaiScoreDetailView.swift */ = {isa = PBXFileReference; lastKnownFileType = sourcecode.swift; path = BaiScoreDetailView.swift; sourceTree = "<group>"; };
		B0E6CD6926E8F61A0003662B /* BaiScoreMiniView.swift */ = {isa = PBXFileReference; lastKnownFileType = sourcecode.swift; path = BaiScoreMiniView.swift; sourceTree = "<group>"; };
		B0F007EA26E33399004526E8 /* STHeaderView.swift */ = {isa = PBXFileReference; lastKnownFileType = sourcecode.swift; path = STHeaderView.swift; sourceTree = "<group>"; };
		B0F007F026E345B2004526E8 /* AvailabilityCheck.swift */ = {isa = PBXFileReference; lastKnownFileType = sourcecode.swift; path = AvailabilityCheck.swift; sourceTree = "<group>"; };
		B0F007F426E3C4A2004526E8 /* ImageExtension.swift */ = {isa = PBXFileReference; fileEncoding = 4; lastKnownFileType = sourcecode.swift; path = ImageExtension.swift; sourceTree = "<group>"; };
		B0F007F926E3E7A2004526E8 /* JCImageManager.swift */ = {isa = PBXFileReference; fileEncoding = 4; lastKnownFileType = sourcecode.swift; path = JCImageManager.swift; sourceTree = "<group>"; };
		B0F007FB26E3F292004526E8 /* STUserInfoView.swift */ = {isa = PBXFileReference; lastKnownFileType = sourcecode.swift; path = STUserInfoView.swift; sourceTree = "<group>"; };
/* End PBXFileReference section */

/* Begin PBXFrameworksBuildPhase section */
		B092F51B26DC7D1F007FA006 /* Frameworks */ = {
			isa = PBXFrameworksBuildPhase;
			buildActionMask = 2147483647;
			files = (
				B015ADE026DD123E0047C5A3 /* Defaults in Frameworks */,
				B0093C4026DCC2F000D142F4 /* SwiftyJSON in Frameworks */,
				B0B0213826DCB16F0059C202 /* Alamofire in Frameworks */,
				B0B0213E26DCB3EA0059C202 /* SwiftyRSA in Frameworks */,
				B0F007F826E3E1A8004526E8 /* Kingfisher in Frameworks */,
			);
			runOnlyForDeploymentPostprocessing = 0;
		};
/* End PBXFrameworksBuildPhase section */

/* Begin PBXGroup section */
		B06D3CF826E7C10600254719 /* Views */ = {
			isa = PBXGroup;
			children = (
				B06D3CFF26E7C3BE00254719 /* Main */,
				B092F53C26DC7F36007FA006 /* KAContentView.swift */,
			);
			path = Views;
			sourceTree = "<group>";
		};
		B06D3CFF26E7C3BE00254719 /* Main */ = {
			isa = PBXGroup;
			children = (
				B0E6CD5926E8DE410003662B /* KAHeaderView.swift */,
				B0E6CD5B26E8E2BB0003662B /* KAUserInfoView.swift */,
				B0E6CD6226E8E6880003662B /* KAAnnouncementView.swift */,
				B06D3CFD26E7C3BB00254719 /* KAActionView.swift */,
			);
			path = Main;
			sourceTree = "<group>";
		};
		B06D3D0026E7C7D400254719 /* Main */ = {
			isa = PBXGroup;
			children = (
				B0E6CD6426E8EE250003662B /* UserInfo */,
				B0E6CD5726E8DDBF0003662B /* BaiHeaderView.swift */,
				B06D3D0126E7C7E300254719 /* BaiActionView.swift */,
			);
			path = Main;
			sourceTree = "<group>";
		};
		B092F51526DC7D1F007FA006 = {
			isa = PBXGroup;
			children = (
				B092F52026DC7D1F007FA006 /* JavaClub-iOS */,
				B092F51F26DC7D1F007FA006 /* Products */,
			);
			sourceTree = "<group>";
		};
		B092F51F26DC7D1F007FA006 /* Products */ = {
			isa = PBXGroup;
			children = (
				B092F51E26DC7D1F007FA006 /* JavaClub-iOS.app */,
			);
			name = Products;
			sourceTree = "<group>";
		};
		B092F52026DC7D1F007FA006 /* JavaClub-iOS */ = {
			isa = PBXGroup;
			children = (
				B092F54226DC8016007FA006 /* TabBar */,
				B092F53826DC7EB3007FA006 /* JavaClub */,
				B092F53626DC7E73007FA006 /* KcAssistant */,
				B092F53726DC7EA2007FA006 /* BaiAssistant */,
				B092F53926DC7ED9007FA006 /* Settings */,
				B092F54D26DC8432007FA006 /* Components */,
				B092F53526DC7D7D007FA006 /* SupportFiles */,
			);
			path = "JavaClub-iOS";
			sourceTree = "<group>";
		};
		B092F53526DC7D7D007FA006 /* SupportFiles */ = {
			isa = PBXGroup;
			children = (
				B092F52126DC7D1F007FA006 /* AppDelegate.swift */,
				B092F52326DC7D1F007FA006 /* SceneDelegate.swift */,
				B092F52526DC7D1F007FA006 /* ContentView.swift */,
				B092F52726DC7D21007FA006 /* Assets.xcassets */,
				B092F52C26DC7D21007FA006 /* LaunchScreen.storyboard */,
				B092F52F26DC7D21007FA006 /* Info.plist */,
			);
			path = SupportFiles;
			sourceTree = "<group>";
		};
		B092F53626DC7E73007FA006 /* KcAssistant */ = {
			isa = PBXGroup;
			children = (
				B06D3CF826E7C10600254719 /* Views */,
				B0E6CD5F26E8E53B0003662B /* Models */,
			);
			path = KcAssistant;
			sourceTree = "<group>";
		};
		B092F53726DC7EA2007FA006 /* BaiAssistant */ = {
			isa = PBXGroup;
			children = (
				B06D3D0026E7C7D400254719 /* Main */,
				B092F53E26DC7F42007FA006 /* BAContentView.swift */,
			);
			path = BaiAssistant;
			sourceTree = "<group>";
		};
		B092F53826DC7EB3007FA006 /* JavaClub */ = {
			isa = PBXGroup;
			children = (
				B092F56126DCA7A7007FA006 /* Controllers */,
				B092F55826DC99F9007FA006 /* Views */,
				B092F55E26DCA6B7007FA006 /* Models */,
			);
			path = JavaClub;
			sourceTree = "<group>";
		};
		B092F53926DC7ED9007FA006 /* Settings */ = {
			isa = PBXGroup;
			children = (
				B0F007E726E331DC004526E8 /* Views */,
			);
			path = Settings;
			sourceTree = "<group>";
		};
		B092F54226DC8016007FA006 /* TabBar */ = {
			isa = PBXGroup;
			children = (
				B092F54826DC831B007FA006 /* Views */,
				B092F54526DC817C007FA006 /* Models */,
			);
			path = TabBar;
			sourceTree = "<group>";
		};
		B092F54526DC817C007FA006 /* Models */ = {
			isa = PBXGroup;
			children = (
				B092F54626DC8187007FA006 /* Tab.swift */,
			);
			path = Models;
			sourceTree = "<group>";
		};
		B092F54826DC831B007FA006 /* Views */ = {
			isa = PBXGroup;
			children = (
				B092F54926DC832A007FA006 /* TabBarView.swift */,
				B092F55026DC8A9E007FA006 /* TabBarButton.swift */,
			);
			path = Views;
			sourceTree = "<group>";
		};
		B092F54D26DC8432007FA006 /* Components */ = {
			isa = PBXGroup;
			children = (
				B0F007F426E3C4A2004526E8 /* ImageExtension.swift */,
				B092F55226DC90DA007FA006 /* ColorExtension.swift */,
				B092F55426DC90EC007FA006 /* StringExtension.swift */,
				B092F55626DC90F4007FA006 /* ViewExtension.swift */,
				B015ADD826DCF7410047C5A3 /* ColorfulPlaceholder.swift */,
				B0F007F026E345B2004526E8 /* AvailabilityCheck.swift */,
			);
			path = Components;
			sourceTree = "<group>";
		};
		B092F55826DC99F9007FA006 /* Views */ = {
			isa = PBXGroup;
			children = (
				B092F53A26DC7F1D007FA006 /* JCContentView.swift */,
				B0B0213F26DCBCB20059C202 /* JCWebView.swift */,
				B0B0214126DCBCF50059C202 /* JCLoginView.swift */,
				B015ADDA26DD0BFB0047C5A3 /* JCRegisterView.swift */,
				B015ADDC26DD0C0F0047C5A3 /* JCForgotView.swift */,
				B015ADE226DD1F6A0047C5A3 /* CheckBoxView.swift */,
			);
			path = Views;
			sourceTree = "<group>";
		};
		B092F55E26DCA6B7007FA006 /* Models */ = {
			isa = PBXGroup;
			children = (
				B0093C4126DCCEC700D142F4 /* JCUser.swift */,
				B092F55F26DCA6D6007FA006 /* JCLoginInfo.swift */,
			);
			path = Models;
			sourceTree = "<group>";
		};
		B092F56126DCA7A7007FA006 /* Controllers */ = {
			isa = PBXGroup;
			children = (
				B0F007F926E3E7A2004526E8 /* JCImageManager.swift */,
				B092F56226DCA7CF007FA006 /* JCAccountManager.swift */,
			);
			path = Controllers;
			sourceTree = "<group>";
		};
		B0B6587326E67346004DFAD8 /* Main */ = {
			isa = PBXGroup;
			children = (
				B0B6587A26E67469004DFAD8 /* STBindingView.swift */,
				B06D3CF426E7B07800254719 /* STOptionView.swift */,
				B06D3CF626E7B88900254719 /* STActionView.swift */,
				B06D3CF926E7C24700254719 /* JCNoticeView.swift */,
				B06D3CF226E7A8FE00254719 /* RefreshableScrollView.swift */,
			);
			path = Main;
			sourceTree = "<group>";
		};
		B0E6CD5F26E8E53B0003662B /* Models */ = {
			isa = PBXGroup;
			children = (
				B0E6CD6026E8E5560003662B /* KAEnrollment.swift */,
			);
			path = Models;
			sourceTree = "<group>";
		};
		B0E6CD6426E8EE250003662B /* UserInfo */ = {
			isa = PBXGroup;
			children = (
				B0E6CD5D26E8E4190003662B /* BaiUserInfoView.swift */,
				B0E6CD6526E8EE640003662B /* BaiScoreOverallView.swift */,
				B0E6CD6726E8EE6F0003662B /* BaiScoreDetailView.swift */,
				B0E6CD6926E8F61A0003662B /* BaiScoreMiniView.swift */,
			);
			path = UserInfo;
			sourceTree = "<group>";
		};
		B0F007E726E331DC004526E8 /* Views */ = {
			isa = PBXGroup;
			children = (
				B0B6587326E67346004DFAD8 /* Main */,
				B0F007FD26E3F2BE004526E8 /* UserInfo */,
				B092F54026DC7F52007FA006 /* STContentView.swift */,
			);
			path = Views;
			sourceTree = "<group>";
		};
		B0F007FD26E3F2BE004526E8 /* UserInfo */ = {
			isa = PBXGroup;
			children = (
				B0F007FB26E3F292004526E8 /* STUserInfoView.swift */,
				B0F007EA26E33399004526E8 /* STHeaderView.swift */,
			);
			path = UserInfo;
			sourceTree = "<group>";
		};
/* End PBXGroup section */

/* Begin PBXNativeTarget section */
		B092F51D26DC7D1F007FA006 /* JavaClub-iOS */ = {
			isa = PBXNativeTarget;
			buildConfigurationList = B092F53226DC7D21007FA006 /* Build configuration list for PBXNativeTarget "JavaClub-iOS" */;
			buildPhases = (
				B092F51A26DC7D1F007FA006 /* Sources */,
				B092F51B26DC7D1F007FA006 /* Frameworks */,
				B092F51C26DC7D1F007FA006 /* Resources */,
				B015ADE126DD146B0047C5A3 /* ShellScript */,
			);
			buildRules = (
			);
			dependencies = (
			);
			name = "JavaClub-iOS";
			packageProductDependencies = (
				B0B0213726DCB16F0059C202 /* Alamofire */,
				B0B0213D26DCB3EA0059C202 /* SwiftyRSA */,
				B0093C3F26DCC2F000D142F4 /* SwiftyJSON */,
				B015ADDF26DD123E0047C5A3 /* Defaults */,
				B0F007F726E3E1A8004526E8 /* Kingfisher */,
			);
			productName = "JavaClub-iOS";
			productReference = B092F51E26DC7D1F007FA006 /* JavaClub-iOS.app */;
			productType = "com.apple.product-type.application";
		};
/* End PBXNativeTarget section */

/* Begin PBXProject section */
		B092F51626DC7D1F007FA006 /* Project object */ = {
			isa = PBXProject;
			attributes = {
				LastSwiftUpdateCheck = 1250;
				LastUpgradeCheck = 1250;
				TargetAttributes = {
					B092F51D26DC7D1F007FA006 = {
						CreatedOnToolsVersion = 12.5;
					};
				};
			};
			buildConfigurationList = B092F51926DC7D1F007FA006 /* Build configuration list for PBXProject "JavaClub-iOS" */;
			compatibilityVersion = "Xcode 9.3";
			developmentRegion = en;
			hasScannedForEncodings = 0;
			knownRegions = (
				en,
				Base,
			);
			mainGroup = B092F51526DC7D1F007FA006;
			packageReferences = (
				B0B0213626DCB16F0059C202 /* XCRemoteSwiftPackageReference "Alamofire" */,
				B0B0213C26DCB3EA0059C202 /* XCRemoteSwiftPackageReference "SwiftyRSA" */,
				B0093C3E26DCC2F000D142F4 /* XCRemoteSwiftPackageReference "SwiftyJSON" */,
				B015ADDE26DD123E0047C5A3 /* XCRemoteSwiftPackageReference "Defaults" */,
				B0F007F626E3E1A8004526E8 /* XCRemoteSwiftPackageReference "Kingfisher" */,
			);
			productRefGroup = B092F51F26DC7D1F007FA006 /* Products */;
			projectDirPath = "";
			projectRoot = "";
			targets = (
				B092F51D26DC7D1F007FA006 /* JavaClub-iOS */,
			);
		};
/* End PBXProject section */

/* Begin PBXResourcesBuildPhase section */
		B092F51C26DC7D1F007FA006 /* Resources */ = {
			isa = PBXResourcesBuildPhase;
			buildActionMask = 2147483647;
			files = (
				B092F52E26DC7D21007FA006 /* LaunchScreen.storyboard in Resources */,
				B092F52826DC7D21007FA006 /* Assets.xcassets in Resources */,
			);
			runOnlyForDeploymentPostprocessing = 0;
		};
/* End PBXResourcesBuildPhase section */

/* Begin PBXShellScriptBuildPhase section */
		B015ADE126DD146B0047C5A3 /* ShellScript */ = {
			isa = PBXShellScriptBuildPhase;
			buildActionMask = 2147483647;
			files = (
			);
			inputFileListPaths = (
			);
			inputPaths = (
			);
			outputFileListPaths = (
			);
			outputPaths = (
			);
			runOnlyForDeploymentPostprocessing = 0;
			shellPath = /bin/sh;
			shellScript = "# Type a script or drag a script file from your workspace to insert its path.\nTAGS=\"TODO:|FIXME:\"\nERRORTAG=\"ERROR:\"\nfind \"${SRCROOT}\" \\( -name \"*.h\" -or -name \"*.m\" -or -name \"*.swift\" \\) -print0 | xargs -0 egrep --with-filename --line-number --only-matching \"($TAGS).*\\$|($ERRORTAG).*\\$\" | perl -p -e \"s/($TAGS)/ warning: \\$1/\" | perl -p -e \"s/($ERRORTAG)/ error: \\$1/\"\n";
		};
/* End PBXShellScriptBuildPhase section */

/* Begin PBXSourcesBuildPhase section */
		B092F51A26DC7D1F007FA006 /* Sources */ = {
			isa = PBXSourcesBuildPhase;
			buildActionMask = 2147483647;
			files = (
				B015ADDD26DD0C0F0047C5A3 /* JCForgotView.swift in Sources */,
				B06D3CFA26E7C24700254719 /* JCNoticeView.swift in Sources */,
				B092F52226DC7D1F007FA006 /* AppDelegate.swift in Sources */,
				B092F54B26DC832A007FA006 /* TabBarView.swift in Sources */,
				B0E6CD6126E8E5560003662B /* KAEnrollment.swift in Sources */,
				B092F55326DC90DA007FA006 /* ColorExtension.swift in Sources */,
				B06D3D0226E7C7E300254719 /* BaiActionView.swift in Sources */,
				B0093C4226DCCEC700D142F4 /* JCUser.swift in Sources */,
				B06D3CF526E7B07800254719 /* STOptionView.swift in Sources */,
				B092F55126DC8A9E007FA006 /* TabBarButton.swift in Sources */,
				B06D3CFE26E7C3BB00254719 /* KAActionView.swift in Sources */,
				B015ADE326DD1F6A0047C5A3 /* CheckBoxView.swift in Sources */,
				B092F53B26DC7F1D007FA006 /* JCContentView.swift in Sources */,
				B0F007FC26E3F292004526E8 /* STUserInfoView.swift in Sources */,
				B0E6CD5C26E8E2BB0003662B /* KAUserInfoView.swift in Sources */,
				B0E6CD6326E8E6880003662B /* KAAnnouncementView.swift in Sources */,
				B0F007EB26E3339A004526E8 /* STHeaderView.swift in Sources */,
				B092F55726DC90F4007FA006 /* ViewExtension.swift in Sources */,
				B092F56326DCA7CF007FA006 /* JCAccountManager.swift in Sources */,
				B092F53D26DC7F36007FA006 /* KAContentView.swift in Sources */,
				B092F53F26DC7F42007FA006 /* BAContentView.swift in Sources */,
				B092F52426DC7D1F007FA006 /* SceneDelegate.swift in Sources */,
				B092F56026DCA6D6007FA006 /* JCLoginInfo.swift in Sources */,
				B0E6CD5826E8DDBF0003662B /* BaiHeaderView.swift in Sources */,
				B0F007F526E3C4A2004526E8 /* ImageExtension.swift in Sources */,
				B092F54726DC8187007FA006 /* Tab.swift in Sources */,
				B0F007F126E345B2004526E8 /* AvailabilityCheck.swift in Sources */,
				B0E6CD5E26E8E4190003662B /* BaiUserInfoView.swift in Sources */,
				B092F52626DC7D1F007FA006 /* ContentView.swift in Sources */,
				B0E6CD6826E8EE6F0003662B /* BaiScoreDetailView.swift in Sources */,
				B0F007FA26E3E7A2004526E8 /* JCImageManager.swift in Sources */,
				B0B0214026DCBCB20059C202 /* JCWebView.swift in Sources */,
				B0B0214226DCBCF50059C202 /* JCLoginView.swift in Sources */,
				B015ADD926DCF7410047C5A3 /* ColorfulPlaceholder.swift in Sources */,
				B0E6CD6A26E8F61A0003662B /* BaiScoreMiniView.swift in Sources */,
				B0E6CD5A26E8DE410003662B /* KAHeaderView.swift in Sources */,
				B06D3CF726E7B88900254719 /* STActionView.swift in Sources */,
				B092F55526DC90EC007FA006 /* StringExtension.swift in Sources */,
				B0B6587B26E67469004DFAD8 /* STBindingView.swift in Sources */,
				B015ADDB26DD0BFB0047C5A3 /* JCRegisterView.swift in Sources */,
				B0E6CD6626E8EE640003662B /* BaiScoreOverallView.swift in Sources */,
				B092F54126DC7F52007FA006 /* STContentView.swift in Sources */,
				B06D3CF326E7A8FE00254719 /* RefreshableScrollView.swift in Sources */,
			);
			runOnlyForDeploymentPostprocessing = 0;
		};
/* End PBXSourcesBuildPhase section */

/* Begin PBXVariantGroup section */
		B092F52C26DC7D21007FA006 /* LaunchScreen.storyboard */ = {
			isa = PBXVariantGroup;
			children = (
				B092F52D26DC7D21007FA006 /* Base */,
			);
			name = LaunchScreen.storyboard;
			sourceTree = "<group>";
		};
/* End PBXVariantGroup section */

/* Begin XCBuildConfiguration section */
		B092F53026DC7D21007FA006 /* Debug */ = {
			isa = XCBuildConfiguration;
			buildSettings = {
				ALWAYS_SEARCH_USER_PATHS = NO;
				CLANG_ANALYZER_NONNULL = YES;
				CLANG_ANALYZER_NUMBER_OBJECT_CONVERSION = YES_AGGRESSIVE;
				CLANG_CXX_LANGUAGE_STANDARD = "gnu++14";
				CLANG_CXX_LIBRARY = "libc++";
				CLANG_ENABLE_MODULES = YES;
				CLANG_ENABLE_OBJC_ARC = YES;
				CLANG_ENABLE_OBJC_WEAK = YES;
				CLANG_WARN_BLOCK_CAPTURE_AUTORELEASING = YES;
				CLANG_WARN_BOOL_CONVERSION = YES;
				CLANG_WARN_COMMA = YES;
				CLANG_WARN_CONSTANT_CONVERSION = YES;
				CLANG_WARN_DEPRECATED_OBJC_IMPLEMENTATIONS = YES;
				CLANG_WARN_DIRECT_OBJC_ISA_USAGE = YES_ERROR;
				CLANG_WARN_DOCUMENTATION_COMMENTS = YES;
				CLANG_WARN_EMPTY_BODY = YES;
				CLANG_WARN_ENUM_CONVERSION = YES;
				CLANG_WARN_INFINITE_RECURSION = YES;
				CLANG_WARN_INT_CONVERSION = YES;
				CLANG_WARN_NON_LITERAL_NULL_CONVERSION = YES;
				CLANG_WARN_OBJC_IMPLICIT_RETAIN_SELF = YES;
				CLANG_WARN_OBJC_LITERAL_CONVERSION = YES;
				CLANG_WARN_OBJC_ROOT_CLASS = YES_ERROR;
				CLANG_WARN_QUOTED_INCLUDE_IN_FRAMEWORK_HEADER = YES;
				CLANG_WARN_RANGE_LOOP_ANALYSIS = YES;
				CLANG_WARN_STRICT_PROTOTYPES = YES;
				CLANG_WARN_SUSPICIOUS_MOVE = YES;
				CLANG_WARN_UNGUARDED_AVAILABILITY = YES_AGGRESSIVE;
				CLANG_WARN_UNREACHABLE_CODE = YES;
				CLANG_WARN__DUPLICATE_METHOD_MATCH = YES;
				COPY_PHASE_STRIP = NO;
				DEBUG_INFORMATION_FORMAT = dwarf;
				ENABLE_STRICT_OBJC_MSGSEND = YES;
				ENABLE_TESTABILITY = YES;
				GCC_C_LANGUAGE_STANDARD = gnu11;
				GCC_DYNAMIC_NO_PIC = NO;
				GCC_NO_COMMON_BLOCKS = YES;
				GCC_OPTIMIZATION_LEVEL = 0;
				GCC_PREPROCESSOR_DEFINITIONS = (
					"DEBUG=1",
					"$(inherited)",
				);
				GCC_WARN_64_TO_32_BIT_CONVERSION = YES;
				GCC_WARN_ABOUT_RETURN_TYPE = YES_ERROR;
				GCC_WARN_UNDECLARED_SELECTOR = YES;
				GCC_WARN_UNINITIALIZED_AUTOS = YES_AGGRESSIVE;
				GCC_WARN_UNUSED_FUNCTION = YES;
				GCC_WARN_UNUSED_VARIABLE = YES;
				IPHONEOS_DEPLOYMENT_TARGET = 13.0;
				MTL_ENABLE_DEBUG_INFO = INCLUDE_SOURCE;
				MTL_FAST_MATH = YES;
				ONLY_ACTIVE_ARCH = YES;
				SDKROOT = iphoneos;
				SWIFT_ACTIVE_COMPILATION_CONDITIONS = DEBUG;
				SWIFT_OPTIMIZATION_LEVEL = "-Onone";
			};
			name = Debug;
		};
		B092F53126DC7D21007FA006 /* Release */ = {
			isa = XCBuildConfiguration;
			buildSettings = {
				ALWAYS_SEARCH_USER_PATHS = NO;
				CLANG_ANALYZER_NONNULL = YES;
				CLANG_ANALYZER_NUMBER_OBJECT_CONVERSION = YES_AGGRESSIVE;
				CLANG_CXX_LANGUAGE_STANDARD = "gnu++14";
				CLANG_CXX_LIBRARY = "libc++";
				CLANG_ENABLE_MODULES = YES;
				CLANG_ENABLE_OBJC_ARC = YES;
				CLANG_ENABLE_OBJC_WEAK = YES;
				CLANG_WARN_BLOCK_CAPTURE_AUTORELEASING = YES;
				CLANG_WARN_BOOL_CONVERSION = YES;
				CLANG_WARN_COMMA = YES;
				CLANG_WARN_CONSTANT_CONVERSION = YES;
				CLANG_WARN_DEPRECATED_OBJC_IMPLEMENTATIONS = YES;
				CLANG_WARN_DIRECT_OBJC_ISA_USAGE = YES_ERROR;
				CLANG_WARN_DOCUMENTATION_COMMENTS = YES;
				CLANG_WARN_EMPTY_BODY = YES;
				CLANG_WARN_ENUM_CONVERSION = YES;
				CLANG_WARN_INFINITE_RECURSION = YES;
				CLANG_WARN_INT_CONVERSION = YES;
				CLANG_WARN_NON_LITERAL_NULL_CONVERSION = YES;
				CLANG_WARN_OBJC_IMPLICIT_RETAIN_SELF = YES;
				CLANG_WARN_OBJC_LITERAL_CONVERSION = YES;
				CLANG_WARN_OBJC_ROOT_CLASS = YES_ERROR;
				CLANG_WARN_QUOTED_INCLUDE_IN_FRAMEWORK_HEADER = YES;
				CLANG_WARN_RANGE_LOOP_ANALYSIS = YES;
				CLANG_WARN_STRICT_PROTOTYPES = YES;
				CLANG_WARN_SUSPICIOUS_MOVE = YES;
				CLANG_WARN_UNGUARDED_AVAILABILITY = YES_AGGRESSIVE;
				CLANG_WARN_UNREACHABLE_CODE = YES;
				CLANG_WARN__DUPLICATE_METHOD_MATCH = YES;
				COPY_PHASE_STRIP = NO;
				DEBUG_INFORMATION_FORMAT = "dwarf-with-dsym";
				ENABLE_NS_ASSERTIONS = NO;
				ENABLE_STRICT_OBJC_MSGSEND = YES;
				GCC_C_LANGUAGE_STANDARD = gnu11;
				GCC_NO_COMMON_BLOCKS = YES;
				GCC_WARN_64_TO_32_BIT_CONVERSION = YES;
				GCC_WARN_ABOUT_RETURN_TYPE = YES_ERROR;
				GCC_WARN_UNDECLARED_SELECTOR = YES;
				GCC_WARN_UNINITIALIZED_AUTOS = YES_AGGRESSIVE;
				GCC_WARN_UNUSED_FUNCTION = YES;
				GCC_WARN_UNUSED_VARIABLE = YES;
				IPHONEOS_DEPLOYMENT_TARGET = 13.0;
				MTL_ENABLE_DEBUG_INFO = NO;
				MTL_FAST_MATH = YES;
				SDKROOT = iphoneos;
				SWIFT_COMPILATION_MODE = wholemodule;
				SWIFT_OPTIMIZATION_LEVEL = "-O";
				VALIDATE_PRODUCT = YES;
			};
			name = Release;
		};
		B092F53326DC7D21007FA006 /* Debug */ = {
			isa = XCBuildConfiguration;
			buildSettings = {
				ASSETCATALOG_COMPILER_APPICON_NAME = AppIcon;
				ASSETCATALOG_COMPILER_GLOBAL_ACCENT_COLOR_NAME = AccentColor;
				CODE_SIGN_STYLE = Automatic;
				DEVELOPMENT_TEAM = S6ZX968578;
				ENABLE_PREVIEWS = NO;
				INFOPLIST_FILE = "JavaClub-iOS/SupportFiles/Info.plist";
				IPHONEOS_DEPLOYMENT_TARGET = 13.0;
				LD_RUNPATH_SEARCH_PATHS = (
					"$(inherited)",
					"@executable_path/Frameworks",
				);
				PRODUCT_BUNDLE_IDENTIFIER = "com.RoyRao.JavaClub-iOS";
				PRODUCT_NAME = "$(TARGET_NAME)";
				SWIFT_VERSION = 5.0;
				TARGETED_DEVICE_FAMILY = 1;
			};
			name = Debug;
		};
		B092F53426DC7D21007FA006 /* Release */ = {
			isa = XCBuildConfiguration;
			buildSettings = {
				ASSETCATALOG_COMPILER_APPICON_NAME = AppIcon;
				ASSETCATALOG_COMPILER_GLOBAL_ACCENT_COLOR_NAME = AccentColor;
				CODE_SIGN_STYLE = Automatic;
				DEVELOPMENT_TEAM = S6ZX968578;
				ENABLE_PREVIEWS = NO;
				INFOPLIST_FILE = "JavaClub-iOS/SupportFiles/Info.plist";
				IPHONEOS_DEPLOYMENT_TARGET = 13.0;
				LD_RUNPATH_SEARCH_PATHS = (
					"$(inherited)",
					"@executable_path/Frameworks",
				);
				PRODUCT_BUNDLE_IDENTIFIER = "com.RoyRao.JavaClub-iOS";
				PRODUCT_NAME = "$(TARGET_NAME)";
				SWIFT_VERSION = 5.0;
				TARGETED_DEVICE_FAMILY = 1;
			};
			name = Release;
		};
/* End XCBuildConfiguration section */

/* Begin XCConfigurationList section */
		B092F51926DC7D1F007FA006 /* Build configuration list for PBXProject "JavaClub-iOS" */ = {
			isa = XCConfigurationList;
			buildConfigurations = (
				B092F53026DC7D21007FA006 /* Debug */,
				B092F53126DC7D21007FA006 /* Release */,
			);
			defaultConfigurationIsVisible = 0;
			defaultConfigurationName = Release;
		};
		B092F53226DC7D21007FA006 /* Build configuration list for PBXNativeTarget "JavaClub-iOS" */ = {
			isa = XCConfigurationList;
			buildConfigurations = (
				B092F53326DC7D21007FA006 /* Debug */,
				B092F53426DC7D21007FA006 /* Release */,
			);
			defaultConfigurationIsVisible = 0;
			defaultConfigurationName = Release;
		};
/* End XCConfigurationList section */

/* Begin XCRemoteSwiftPackageReference section */
		B0093C3E26DCC2F000D142F4 /* XCRemoteSwiftPackageReference "SwiftyJSON" */ = {
			isa = XCRemoteSwiftPackageReference;
			repositoryURL = "https://github.com/SwiftyJSON/SwiftyJSON.git";
			requirement = {
				kind = upToNextMajorVersion;
				minimumVersion = 5.0.1;
			};
		};
		B015ADDE26DD123E0047C5A3 /* XCRemoteSwiftPackageReference "Defaults" */ = {
			isa = XCRemoteSwiftPackageReference;
			repositoryURL = "https://github.com/sindresorhus/Defaults.git";
			requirement = {
				kind = upToNextMajorVersion;
				minimumVersion = 5.0.0;
			};
		};
		B0B0213626DCB16F0059C202 /* XCRemoteSwiftPackageReference "Alamofire" */ = {
			isa = XCRemoteSwiftPackageReference;
			repositoryURL = "https://github.com/Alamofire/Alamofire.git";
			requirement = {
				kind = upToNextMajorVersion;
				minimumVersion = 5.4.0;
			};
		};
		B0B0213C26DCB3EA0059C202 /* XCRemoteSwiftPackageReference "SwiftyRSA" */ = {
			isa = XCRemoteSwiftPackageReference;
			repositoryURL = "https://github.com/swift-package-manager/SwiftyRSA.git";
			requirement = {
				kind = upToNextMajorVersion;
				minimumVersion = 1.6.0;
			};
		};
		B0F007F626E3E1A8004526E8 /* XCRemoteSwiftPackageReference "Kingfisher" */ = {
			isa = XCRemoteSwiftPackageReference;
			repositoryURL = "https://github.com/onevcat/Kingfisher.git";
			requirement = {
				kind = upToNextMajorVersion;
				minimumVersion = 6.3.1;
			};
		};
/* End XCRemoteSwiftPackageReference section */

/* Begin XCSwiftPackageProductDependency section */
		B0093C3F26DCC2F000D142F4 /* SwiftyJSON */ = {
			isa = XCSwiftPackageProductDependency;
			package = B0093C3E26DCC2F000D142F4 /* XCRemoteSwiftPackageReference "SwiftyJSON" */;
			productName = SwiftyJSON;
		};
		B015ADDF26DD123E0047C5A3 /* Defaults */ = {
			isa = XCSwiftPackageProductDependency;
			package = B015ADDE26DD123E0047C5A3 /* XCRemoteSwiftPackageReference "Defaults" */;
			productName = Defaults;
		};
		B0B0213726DCB16F0059C202 /* Alamofire */ = {
			isa = XCSwiftPackageProductDependency;
			package = B0B0213626DCB16F0059C202 /* XCRemoteSwiftPackageReference "Alamofire" */;
			productName = Alamofire;
		};
		B0B0213D26DCB3EA0059C202 /* SwiftyRSA */ = {
			isa = XCSwiftPackageProductDependency;
			package = B0B0213C26DCB3EA0059C202 /* XCRemoteSwiftPackageReference "SwiftyRSA" */;
			productName = SwiftyRSA;
		};
		B0F007F726E3E1A8004526E8 /* Kingfisher */ = {
			isa = XCSwiftPackageProductDependency;
			package = B0F007F626E3E1A8004526E8 /* XCRemoteSwiftPackageReference "Kingfisher" */;
			productName = Kingfisher;
		};
/* End XCSwiftPackageProductDependency section */
	};
	rootObject = B092F51626DC7D1F007FA006 /* Project object */;
}
