// !$*UTF8*$!
{
	archiveVersion = 1;
	classes = {
	};
	objectVersion = 55;
	objects = {

/* Begin PBXBuildFile section */
		B01AA9B126FF2ADD000D3E4A /* LoadingIndicatorView.swift in Sources */ = {isa = PBXBuildFile; fileRef = B01AA9B026FF2ADD000D3E4A /* LoadingIndicatorView.swift */; };
		B01AA9B726FF4C55000D3E4A /* JCLoginState.swift in Sources */ = {isa = PBXBuildFile; fileRef = B01AA9B626FF4C55000D3E4A /* JCLoginState.swift */; };
		B02032CB26FE05910048B6F6 /* StringExtension.swift in Sources */ = {isa = PBXBuildFile; fileRef = B02032C526FE05910048B6F6 /* StringExtension.swift */; };
		B02032CC26FE05910048B6F6 /* ViewPlaceholder.swift in Sources */ = {isa = PBXBuildFile; fileRef = B02032C626FE05910048B6F6 /* ViewPlaceholder.swift */; };
		B02032CD26FE05910048B6F6 /* ImageExtension.swift in Sources */ = {isa = PBXBuildFile; fileRef = B02032C726FE05910048B6F6 /* ImageExtension.swift */; };
		B02032CE26FE05910048B6F6 /* ColorExtension.swift in Sources */ = {isa = PBXBuildFile; fileRef = B02032C826FE05910048B6F6 /* ColorExtension.swift */; };
		B02032CF26FE05910048B6F6 /* ViewExtension.swift in Sources */ = {isa = PBXBuildFile; fileRef = B02032C926FE05910048B6F6 /* ViewExtension.swift */; };
		B02032D026FE05910048B6F6 /* AvailabilityCheck.swift in Sources */ = {isa = PBXBuildFile; fileRef = B02032CA26FE05910048B6F6 /* AvailabilityCheck.swift */; };
		B02032D326FE37C20048B6F6 /* DesignableView.swift in Sources */ = {isa = PBXBuildFile; fileRef = B02032D226FE37C20048B6F6 /* DesignableView.swift */; };
		B02E4F1F2701BB7C00EA3DDB /* SettingsOption.swift in Sources */ = {isa = PBXBuildFile; fileRef = B02E4F1E2701BB7C00EA3DDB /* SettingsOption.swift */; };
		B02EEEF826FDB2760010515A /* AppDelegate.swift in Sources */ = {isa = PBXBuildFile; fileRef = B02EEEF726FDB2760010515A /* AppDelegate.swift */; };
		B02EEEFA26FDB2760010515A /* SceneDelegate.swift in Sources */ = {isa = PBXBuildFile; fileRef = B02EEEF926FDB2760010515A /* SceneDelegate.swift */; };
		B02EEF0126FDB2780010515A /* Assets.xcassets in Resources */ = {isa = PBXBuildFile; fileRef = B02EEF0026FDB2780010515A /* Assets.xcassets */; };
		B02EEF0426FDB2780010515A /* LaunchScreen.storyboard in Resources */ = {isa = PBXBuildFile; fileRef = B02EEF0226FDB2780010515A /* LaunchScreen.storyboard */; };
		B02EEF1126FDB5760010515A /* JCTabBarController.swift in Sources */ = {isa = PBXBuildFile; fileRef = B02EEF1026FDB5760010515A /* JCTabBarController.swift */; };
		B02EEF1426FDB9030010515A /* Defaults in Frameworks */ = {isa = PBXBuildFile; productRef = B02EEF1326FDB9030010515A /* Defaults */; };
		B02EEF1726FDB9110010515A /* Alamofire in Frameworks */ = {isa = PBXBuildFile; productRef = B02EEF1626FDB9110010515A /* Alamofire */; };
		B02EEF1A26FDB91E0010515A /* Kingfisher in Frameworks */ = {isa = PBXBuildFile; productRef = B02EEF1926FDB91E0010515A /* Kingfisher */; };
		B02EEF1D26FDBA050010515A /* SQLite in Frameworks */ = {isa = PBXBuildFile; productRef = B02EEF1C26FDBA050010515A /* SQLite */; };
		B02EEF2026FDBA300010515A /* SwiftyJSON in Frameworks */ = {isa = PBXBuildFile; productRef = B02EEF1F26FDBA300010515A /* SwiftyJSON */; };
		B02EEF2326FDBA770010515A /* SwiftyRSA in Frameworks */ = {isa = PBXBuildFile; productRef = B02EEF2226FDBA770010515A /* SwiftyRSA */; };
		B02EEF2926FDC0A00010515A /* JCWebViewController.swift in Sources */ = {isa = PBXBuildFile; fileRef = B02EEF2826FDC0A00010515A /* JCWebViewController.swift */; };
		B02EEF3E26FDD7BD0010515A /* JCLoginViewController.swift in Sources */ = {isa = PBXBuildFile; fileRef = B02EEF3D26FDD7BD0010515A /* JCLoginViewController.swift */; };
		B02EEF4126FDDA140010515A /* SnapKit in Frameworks */ = {isa = PBXBuildFile; productRef = B02EEF4026FDDA140010515A /* SnapKit */; };
		B02EEF4426FDDA870010515A /* JavaClub.storyboard in Resources */ = {isa = PBXBuildFile; fileRef = B02EEF4326FDDA870010515A /* JavaClub.storyboard */; };
		B08F6F9F27003E740015B354 /* KAClassItemView.swift in Sources */ = {isa = PBXBuildFile; fileRef = B08F6F9D27003E730015B354 /* KAClassItemView.swift */; };
		B08F6FA027003E740015B354 /* KAClassTableView.swift in Sources */ = {isa = PBXBuildFile; fileRef = B08F6F9E27003E730015B354 /* KAClassTableView.swift */; };
		B08F6FA227003E820015B354 /* KAEnrollmentView.swift in Sources */ = {isa = PBXBuildFile; fileRef = B08F6FA127003E820015B354 /* KAEnrollmentView.swift */; };
		B08F6FA727003EAD0015B354 /* KAHeaderView.swift in Sources */ = {isa = PBXBuildFile; fileRef = B08F6FA327003EAD0015B354 /* KAHeaderView.swift */; };
		B08F6FA827003EAD0015B354 /* KAAnnouncementView.swift in Sources */ = {isa = PBXBuildFile; fileRef = B08F6FA427003EAD0015B354 /* KAAnnouncementView.swift */; };
		B08F6FA927003EAD0015B354 /* KAActionView.swift in Sources */ = {isa = PBXBuildFile; fileRef = B08F6FA527003EAD0015B354 /* KAActionView.swift */; };
		B08F6FAA27003EAD0015B354 /* KAUserInfoView.swift in Sources */ = {isa = PBXBuildFile; fileRef = B08F6FA627003EAD0015B354 /* KAUserInfoView.swift */; };
		B08F6FAC27003EBA0015B354 /* KAContentView.swift in Sources */ = {isa = PBXBuildFile; fileRef = B08F6FAB27003EBA0015B354 /* KAContentView.swift */; };
		B08F6FB027003EEC0015B354 /* KCLoginInfo.swift in Sources */ = {isa = PBXBuildFile; fileRef = B08F6FAD27003EEB0015B354 /* KCLoginInfo.swift */; };
		B08F6FB127003EEC0015B354 /* KAEnrollment.swift in Sources */ = {isa = PBXBuildFile; fileRef = B08F6FAE27003EEB0015B354 /* KAEnrollment.swift */; };
		B08F6FB227003EEC0015B354 /* KAClass.swift in Sources */ = {isa = PBXBuildFile; fileRef = B08F6FAF27003EEB0015B354 /* KAClass.swift */; };
		B08F6FB727003F360015B354 /* BaiUserInfoView.swift in Sources */ = {isa = PBXBuildFile; fileRef = B08F6FB327003F350015B354 /* BaiUserInfoView.swift */; };
		B08F6FB827003F360015B354 /* BaiScoreDetailView.swift in Sources */ = {isa = PBXBuildFile; fileRef = B08F6FB427003F350015B354 /* BaiScoreDetailView.swift */; };
		B08F6FB927003F360015B354 /* BaiScoreOverallView.swift in Sources */ = {isa = PBXBuildFile; fileRef = B08F6FB527003F350015B354 /* BaiScoreOverallView.swift */; };
		B08F6FBA27003F360015B354 /* BaiScoreMiniView.swift in Sources */ = {isa = PBXBuildFile; fileRef = B08F6FB627003F350015B354 /* BaiScoreMiniView.swift */; };
		B08F6FBD27003F410015B354 /* BaiActionView.swift in Sources */ = {isa = PBXBuildFile; fileRef = B08F6FBB27003F410015B354 /* BaiActionView.swift */; };
		B08F6FBE27003F410015B354 /* BaiHeaderView.swift in Sources */ = {isa = PBXBuildFile; fileRef = B08F6FBC27003F410015B354 /* BaiHeaderView.swift */; };
		B08F6FC027003F4D0015B354 /* BAContentView.swift in Sources */ = {isa = PBXBuildFile; fileRef = B08F6FBF27003F4D0015B354 /* BAContentView.swift */; };
		B08F6FC427003F8C0015B354 /* JCImageManager.swift in Sources */ = {isa = PBXBuildFile; fileRef = B08F6FC127003F8C0015B354 /* JCImageManager.swift */; };
		B08F6FC527003F8C0015B354 /* DBManager.swift in Sources */ = {isa = PBXBuildFile; fileRef = B08F6FC227003F8C0015B354 /* DBManager.swift */; };
		B08F6FC627003F8C0015B354 /* JCAccountManager.swift in Sources */ = {isa = PBXBuildFile; fileRef = B08F6FC327003F8C0015B354 /* JCAccountManager.swift */; };
		B08F6FC927003FD60015B354 /* JCBindIDView.swift in Sources */ = {isa = PBXBuildFile; fileRef = B08F6FC727003FD60015B354 /* JCBindIDView.swift */; };
		B08F6FCA27003FD60015B354 /* JCNoticeView.swift in Sources */ = {isa = PBXBuildFile; fileRef = B08F6FC827003FD60015B354 /* JCNoticeView.swift */; };
		B08F6FCD270040010015B354 /* JCLoginInfo.swift in Sources */ = {isa = PBXBuildFile; fileRef = B08F6FCB270040010015B354 /* JCLoginInfo.swift */; };
		B08F6FCE270040010015B354 /* JCUser.swift in Sources */ = {isa = PBXBuildFile; fileRef = B08F6FCC270040010015B354 /* JCUser.swift */; };
		B08F6FD02700401E0015B354 /* STMainViewController.swift in Sources */ = {isa = PBXBuildFile; fileRef = B08F6FCF2700401E0015B354 /* STMainViewController.swift */; };
		B08F6FD32700488F0015B354 /* Settings.storyboard in Resources */ = {isa = PBXBuildFile; fileRef = B08F6FD22700488F0015B354 /* Settings.storyboard */; };
		B08F6FD5270048B40015B354 /* STContentViewController.swift in Sources */ = {isa = PBXBuildFile; fileRef = B08F6FD4270048B40015B354 /* STContentViewController.swift */; };
		B0D3A18F27000AC80095229C /* JCMainViewController.swift in Sources */ = {isa = PBXBuildFile; fileRef = B0D3A18E27000AC80095229C /* JCMainViewController.swift */; };
/* End PBXBuildFile section */

/* Begin PBXFileReference section */
		B01AA9B026FF2ADD000D3E4A /* LoadingIndicatorView.swift */ = {isa = PBXFileReference; lastKnownFileType = sourcecode.swift; path = LoadingIndicatorView.swift; sourceTree = "<group>"; };
		B01AA9B626FF4C55000D3E4A /* JCLoginState.swift */ = {isa = PBXFileReference; lastKnownFileType = sourcecode.swift; path = JCLoginState.swift; sourceTree = "<group>"; };
		B02032C526FE05910048B6F6 /* StringExtension.swift */ = {isa = PBXFileReference; fileEncoding = 4; lastKnownFileType = sourcecode.swift; path = StringExtension.swift; sourceTree = "<group>"; };
		B02032C626FE05910048B6F6 /* ViewPlaceholder.swift */ = {isa = PBXFileReference; fileEncoding = 4; lastKnownFileType = sourcecode.swift; path = ViewPlaceholder.swift; sourceTree = "<group>"; };
		B02032C726FE05910048B6F6 /* ImageExtension.swift */ = {isa = PBXFileReference; fileEncoding = 4; lastKnownFileType = sourcecode.swift; path = ImageExtension.swift; sourceTree = "<group>"; };
		B02032C826FE05910048B6F6 /* ColorExtension.swift */ = {isa = PBXFileReference; fileEncoding = 4; lastKnownFileType = sourcecode.swift; path = ColorExtension.swift; sourceTree = "<group>"; };
		B02032C926FE05910048B6F6 /* ViewExtension.swift */ = {isa = PBXFileReference; fileEncoding = 4; lastKnownFileType = sourcecode.swift; path = ViewExtension.swift; sourceTree = "<group>"; };
		B02032CA26FE05910048B6F6 /* AvailabilityCheck.swift */ = {isa = PBXFileReference; fileEncoding = 4; lastKnownFileType = sourcecode.swift; path = AvailabilityCheck.swift; sourceTree = "<group>"; };
		B02032D226FE37C20048B6F6 /* DesignableView.swift */ = {isa = PBXFileReference; lastKnownFileType = sourcecode.swift; path = DesignableView.swift; sourceTree = "<group>"; };
		B02E4F1E2701BB7C00EA3DDB /* SettingsOption.swift */ = {isa = PBXFileReference; lastKnownFileType = sourcecode.swift; path = SettingsOption.swift; sourceTree = "<group>"; };
		B02EEEF426FDB2760010515A /* JavaClub.app */ = {isa = PBXFileReference; explicitFileType = wrapper.application; includeInIndex = 0; path = JavaClub.app; sourceTree = BUILT_PRODUCTS_DIR; };
		B02EEEF726FDB2760010515A /* AppDelegate.swift */ = {isa = PBXFileReference; lastKnownFileType = sourcecode.swift; path = AppDelegate.swift; sourceTree = "<group>"; };
		B02EEEF926FDB2760010515A /* SceneDelegate.swift */ = {isa = PBXFileReference; lastKnownFileType = sourcecode.swift; path = SceneDelegate.swift; sourceTree = "<group>"; };
		B02EEF0026FDB2780010515A /* Assets.xcassets */ = {isa = PBXFileReference; lastKnownFileType = folder.assetcatalog; path = Assets.xcassets; sourceTree = "<group>"; };
		B02EEF0326FDB2780010515A /* Base */ = {isa = PBXFileReference; lastKnownFileType = file.storyboard; name = Base; path = Base.lproj/LaunchScreen.storyboard; sourceTree = "<group>"; };
		B02EEF0526FDB2780010515A /* Info.plist */ = {isa = PBXFileReference; lastKnownFileType = text.plist.xml; path = Info.plist; sourceTree = "<group>"; };
		B02EEF1026FDB5760010515A /* JCTabBarController.swift */ = {isa = PBXFileReference; lastKnownFileType = sourcecode.swift; path = JCTabBarController.swift; sourceTree = "<group>"; };
		B02EEF2826FDC0A00010515A /* JCWebViewController.swift */ = {isa = PBXFileReference; lastKnownFileType = sourcecode.swift; path = JCWebViewController.swift; sourceTree = "<group>"; };
		B02EEF3D26FDD7BD0010515A /* JCLoginViewController.swift */ = {isa = PBXFileReference; lastKnownFileType = sourcecode.swift; path = JCLoginViewController.swift; sourceTree = "<group>"; };
		B02EEF4326FDDA870010515A /* JavaClub.storyboard */ = {isa = PBXFileReference; lastKnownFileType = file.storyboard; path = JavaClub.storyboard; sourceTree = "<group>"; };
		B08F6F9D27003E730015B354 /* KAClassItemView.swift */ = {isa = PBXFileReference; fileEncoding = 4; lastKnownFileType = sourcecode.swift; path = KAClassItemView.swift; sourceTree = "<group>"; };
		B08F6F9E27003E730015B354 /* KAClassTableView.swift */ = {isa = PBXFileReference; fileEncoding = 4; lastKnownFileType = sourcecode.swift; path = KAClassTableView.swift; sourceTree = "<group>"; };
		B08F6FA127003E820015B354 /* KAEnrollmentView.swift */ = {isa = PBXFileReference; fileEncoding = 4; lastKnownFileType = sourcecode.swift; path = KAEnrollmentView.swift; sourceTree = "<group>"; };
		B08F6FA327003EAD0015B354 /* KAHeaderView.swift */ = {isa = PBXFileReference; fileEncoding = 4; lastKnownFileType = sourcecode.swift; path = KAHeaderView.swift; sourceTree = "<group>"; };
		B08F6FA427003EAD0015B354 /* KAAnnouncementView.swift */ = {isa = PBXFileReference; fileEncoding = 4; lastKnownFileType = sourcecode.swift; path = KAAnnouncementView.swift; sourceTree = "<group>"; };
		B08F6FA527003EAD0015B354 /* KAActionView.swift */ = {isa = PBXFileReference; fileEncoding = 4; lastKnownFileType = sourcecode.swift; path = KAActionView.swift; sourceTree = "<group>"; };
		B08F6FA627003EAD0015B354 /* KAUserInfoView.swift */ = {isa = PBXFileReference; fileEncoding = 4; lastKnownFileType = sourcecode.swift; path = KAUserInfoView.swift; sourceTree = "<group>"; };
		B08F6FAB27003EBA0015B354 /* KAContentView.swift */ = {isa = PBXFileReference; fileEncoding = 4; lastKnownFileType = sourcecode.swift; path = KAContentView.swift; sourceTree = "<group>"; };
		B08F6FAD27003EEB0015B354 /* KCLoginInfo.swift */ = {isa = PBXFileReference; fileEncoding = 4; lastKnownFileType = sourcecode.swift; path = KCLoginInfo.swift; sourceTree = "<group>"; };
		B08F6FAE27003EEB0015B354 /* KAEnrollment.swift */ = {isa = PBXFileReference; fileEncoding = 4; lastKnownFileType = sourcecode.swift; path = KAEnrollment.swift; sourceTree = "<group>"; };
		B08F6FAF27003EEB0015B354 /* KAClass.swift */ = {isa = PBXFileReference; fileEncoding = 4; lastKnownFileType = sourcecode.swift; path = KAClass.swift; sourceTree = "<group>"; };
		B08F6FB327003F350015B354 /* BaiUserInfoView.swift */ = {isa = PBXFileReference; fileEncoding = 4; lastKnownFileType = sourcecode.swift; path = BaiUserInfoView.swift; sourceTree = "<group>"; };
		B08F6FB427003F350015B354 /* BaiScoreDetailView.swift */ = {isa = PBXFileReference; fileEncoding = 4; lastKnownFileType = sourcecode.swift; path = BaiScoreDetailView.swift; sourceTree = "<group>"; };
		B08F6FB527003F350015B354 /* BaiScoreOverallView.swift */ = {isa = PBXFileReference; fileEncoding = 4; lastKnownFileType = sourcecode.swift; path = BaiScoreOverallView.swift; sourceTree = "<group>"; };
		B08F6FB627003F350015B354 /* BaiScoreMiniView.swift */ = {isa = PBXFileReference; fileEncoding = 4; lastKnownFileType = sourcecode.swift; path = BaiScoreMiniView.swift; sourceTree = "<group>"; };
		B08F6FBB27003F410015B354 /* BaiActionView.swift */ = {isa = PBXFileReference; fileEncoding = 4; lastKnownFileType = sourcecode.swift; path = BaiActionView.swift; sourceTree = "<group>"; };
		B08F6FBC27003F410015B354 /* BaiHeaderView.swift */ = {isa = PBXFileReference; fileEncoding = 4; lastKnownFileType = sourcecode.swift; path = BaiHeaderView.swift; sourceTree = "<group>"; };
		B08F6FBF27003F4D0015B354 /* BAContentView.swift */ = {isa = PBXFileReference; fileEncoding = 4; lastKnownFileType = sourcecode.swift; path = BAContentView.swift; sourceTree = "<group>"; };
		B08F6FC127003F8C0015B354 /* JCImageManager.swift */ = {isa = PBXFileReference; fileEncoding = 4; lastKnownFileType = sourcecode.swift; path = JCImageManager.swift; sourceTree = "<group>"; };
		B08F6FC227003F8C0015B354 /* DBManager.swift */ = {isa = PBXFileReference; fileEncoding = 4; lastKnownFileType = sourcecode.swift; path = DBManager.swift; sourceTree = "<group>"; };
		B08F6FC327003F8C0015B354 /* JCAccountManager.swift */ = {isa = PBXFileReference; fileEncoding = 4; lastKnownFileType = sourcecode.swift; path = JCAccountManager.swift; sourceTree = "<group>"; };
		B08F6FC727003FD60015B354 /* JCBindIDView.swift */ = {isa = PBXFileReference; fileEncoding = 4; lastKnownFileType = sourcecode.swift; path = JCBindIDView.swift; sourceTree = "<group>"; };
		B08F6FC827003FD60015B354 /* JCNoticeView.swift */ = {isa = PBXFileReference; fileEncoding = 4; lastKnownFileType = sourcecode.swift; path = JCNoticeView.swift; sourceTree = "<group>"; };
		B08F6FCB270040010015B354 /* JCLoginInfo.swift */ = {isa = PBXFileReference; fileEncoding = 4; lastKnownFileType = sourcecode.swift; path = JCLoginInfo.swift; sourceTree = "<group>"; };
		B08F6FCC270040010015B354 /* JCUser.swift */ = {isa = PBXFileReference; fileEncoding = 4; lastKnownFileType = sourcecode.swift; path = JCUser.swift; sourceTree = "<group>"; };
		B08F6FCF2700401E0015B354 /* STMainViewController.swift */ = {isa = PBXFileReference; lastKnownFileType = sourcecode.swift; path = STMainViewController.swift; sourceTree = "<group>"; };
		B08F6FD22700488F0015B354 /* Settings.storyboard */ = {isa = PBXFileReference; lastKnownFileType = file.storyboard; path = Settings.storyboard; sourceTree = "<group>"; };
		B08F6FD4270048B40015B354 /* STContentViewController.swift */ = {isa = PBXFileReference; lastKnownFileType = sourcecode.swift; path = STContentViewController.swift; sourceTree = "<group>"; };
		B0D3A18E27000AC80095229C /* JCMainViewController.swift */ = {isa = PBXFileReference; lastKnownFileType = sourcecode.swift; path = JCMainViewController.swift; sourceTree = "<group>"; };
/* End PBXFileReference section */

/* Begin PBXFrameworksBuildPhase section */
		B02EEEF126FDB2760010515A /* Frameworks */ = {
			isa = PBXFrameworksBuildPhase;
			buildActionMask = 2147483647;
			files = (
				B02EEF1D26FDBA050010515A /* SQLite in Frameworks */,
				B02EEF1A26FDB91E0010515A /* Kingfisher in Frameworks */,
				B02EEF1426FDB9030010515A /* Defaults in Frameworks */,
				B02EEF4126FDDA140010515A /* SnapKit in Frameworks */,
				B02EEF2026FDBA300010515A /* SwiftyJSON in Frameworks */,
				B02EEF1726FDB9110010515A /* Alamofire in Frameworks */,
				B02EEF2326FDBA770010515A /* SwiftyRSA in Frameworks */,
			);
			runOnlyForDeploymentPostprocessing = 0;
		};
/* End PBXFrameworksBuildPhase section */

/* Begin PBXGroup section */
		B01AA9B426FF421E000D3E4A /* Controller */ = {
			isa = PBXGroup;
			children = (
				B0D3A18E27000AC80095229C /* JCMainViewController.swift */,
				B02EEF2826FDC0A00010515A /* JCWebViewController.swift */,
				B02EEF3D26FDD7BD0010515A /* JCLoginViewController.swift */,
			);
			path = Controller;
			sourceTree = "<group>";
		};
		B01AA9B526FF4C39000D3E4A /* ViewModel */ = {
			isa = PBXGroup;
			children = (
				B01AA9B626FF4C55000D3E4A /* JCLoginState.swift */,
			);
			path = ViewModel;
			sourceTree = "<group>";
		};
		B02032C426FE05760048B6F6 /* Components */ = {
			isa = PBXGroup;
			children = (
				B0D3A181270000680095229C /* Manager */,
				B02032D126FE37B40048B6F6 /* View */,
				B0D3A1D127001A730095229C /* Extensions */,
			);
			path = Components;
			sourceTree = "<group>";
		};
		B02032D126FE37B40048B6F6 /* View */ = {
			isa = PBXGroup;
			children = (
				B02032D226FE37C20048B6F6 /* DesignableView.swift */,
				B01AA9B026FF2ADD000D3E4A /* LoadingIndicatorView.swift */,
			);
			path = View;
			sourceTree = "<group>";
		};
		B02E4F1D2701BB6000EA3DDB /* Model */ = {
			isa = PBXGroup;
			children = (
				B02E4F1E2701BB7C00EA3DDB /* SettingsOption.swift */,
			);
			path = Model;
			sourceTree = "<group>";
		};
		B02E4F202701C35E00EA3DDB /* Controller */ = {
			isa = PBXGroup;
			children = (
				B08F6FCF2700401E0015B354 /* STMainViewController.swift */,
				B08F6FD4270048B40015B354 /* STContentViewController.swift */,
			);
			path = Controller;
			sourceTree = "<group>";
		};
		B02EEEEB26FDB2760010515A = {
			isa = PBXGroup;
			children = (
				B02EEEF626FDB2760010515A /* JavaClub */,
				B02EEEF526FDB2760010515A /* Products */,
			);
			sourceTree = "<group>";
		};
		B02EEEF526FDB2760010515A /* Products */ = {
			isa = PBXGroup;
			children = (
				B02EEEF426FDB2760010515A /* JavaClub.app */,
			);
			name = Products;
			sourceTree = "<group>";
		};
		B02EEEF626FDB2760010515A /* JavaClub */ = {
			isa = PBXGroup;
			children = (
				B02EEF0F26FDB5610010515A /* TabBar */,
				B02EEF2426FDBB190010515A /* HomePage */,
				B02EEF2526FDBB330010515A /* KcAssistant */,
				B02EEF2726FDC0810010515A /* BaiAssistant */,
				B02EEF2626FDC0730010515A /* Settings */,
				B02032C426FE05760048B6F6 /* Components */,
				B02EEF0B26FDB5140010515A /* Support Files */,
			);
			path = JavaClub;
			sourceTree = "<group>";
		};
		B02EEF0B26FDB5140010515A /* Support Files */ = {
			isa = PBXGroup;
			children = (
				B02EEEF726FDB2760010515A /* AppDelegate.swift */,
				B02EEEF926FDB2760010515A /* SceneDelegate.swift */,
				B02EEF0026FDB2780010515A /* Assets.xcassets */,
				B02EEF0226FDB2780010515A /* LaunchScreen.storyboard */,
				B02EEF0526FDB2780010515A /* Info.plist */,
			);
			path = "Support Files";
			sourceTree = "<group>";
		};
		B02EEF0F26FDB5610010515A /* TabBar */ = {
			isa = PBXGroup;
			children = (
				B02EEF1026FDB5760010515A /* JCTabBarController.swift */,
			);
			path = TabBar;
			sourceTree = "<group>";
		};
		B02EEF2426FDBB190010515A /* HomePage */ = {
			isa = PBXGroup;
			children = (
				B01AA9B426FF421E000D3E4A /* Controller */,
				B0D3A1AB270015E50095229C /* View */,
				B01AA9B526FF4C39000D3E4A /* ViewModel */,
				B0D3A188270000890095229C /* Model */,
				B02EEF4226FDDA6A0010515A /* Resource */,
			);
			path = HomePage;
			sourceTree = "<group>";
		};
		B02EEF2526FDBB330010515A /* KcAssistant */ = {
			isa = PBXGroup;
			children = (
				B0D3A197270015450095229C /* View */,
				B0D3A17A2700004D0095229C /* Model */,
			);
			path = KcAssistant;
			sourceTree = "<group>";
		};
		B02EEF2626FDC0730010515A /* Settings */ = {
			isa = PBXGroup;
			children = (
				B02E4F202701C35E00EA3DDB /* Controller */,
				B02E4F1D2701BB6000EA3DDB /* Model */,
				B08F6FD1270048760015B354 /* Resource */,
			);
			path = Settings;
			sourceTree = "<group>";
		};
		B02EEF2726FDC0810010515A /* BaiAssistant */ = {
			isa = PBXGroup;
			children = (
				B0D3A1AE270016FF0095229C /* View */,
			);
			path = BaiAssistant;
			sourceTree = "<group>";
		};
		B02EEF4226FDDA6A0010515A /* Resource */ = {
			isa = PBXGroup;
			children = (
				B02EEF4326FDDA870010515A /* JavaClub.storyboard */,
			);
			path = Resource;
			sourceTree = "<group>";
		};
		B08F6FD1270048760015B354 /* Resource */ = {
			isa = PBXGroup;
			children = (
				B08F6FD22700488F0015B354 /* Settings.storyboard */,
			);
			path = Resource;
			sourceTree = "<group>";
		};
		B0D3A17A2700004D0095229C /* Model */ = {
			isa = PBXGroup;
			children = (
				B08F6FAF27003EEB0015B354 /* KAClass.swift */,
				B08F6FAE27003EEB0015B354 /* KAEnrollment.swift */,
				B08F6FAD27003EEB0015B354 /* KCLoginInfo.swift */,
			);
			path = Model;
			sourceTree = "<group>";
		};
		B0D3A181270000680095229C /* Manager */ = {
			isa = PBXGroup;
			children = (
				B08F6FC327003F8C0015B354 /* JCAccountManager.swift */,
				B08F6FC127003F8C0015B354 /* JCImageManager.swift */,
				B08F6FC227003F8C0015B354 /* DBManager.swift */,
			);
			path = Manager;
			sourceTree = "<group>";
		};
		B0D3A188270000890095229C /* Model */ = {
			isa = PBXGroup;
			children = (
				B08F6FCB270040010015B354 /* JCLoginInfo.swift */,
				B08F6FCC270040010015B354 /* JCUser.swift */,
			);
			path = Model;
			sourceTree = "<group>";
		};
		B0D3A197270015450095229C /* View */ = {
			isa = PBXGroup;
			children = (
				B0D3A19A270015790095229C /* Subview */,
				B08F6FAB27003EBA0015B354 /* KAContentView.swift */,
			);
			path = View;
			sourceTree = "<group>";
		};
		B0D3A19A270015790095229C /* Subview */ = {
			isa = PBXGroup;
			children = (
				B0D3A1A3270015A60095229C /* DetailView */,
				B08F6FA527003EAD0015B354 /* KAActionView.swift */,
				B08F6FA427003EAD0015B354 /* KAAnnouncementView.swift */,
				B08F6FA327003EAD0015B354 /* KAHeaderView.swift */,
				B08F6FA627003EAD0015B354 /* KAUserInfoView.swift */,
			);
			path = Subview;
			sourceTree = "<group>";
		};
		B0D3A1A3270015A60095229C /* DetailView */ = {
			isa = PBXGroup;
			children = (
				B0D3A1A6270015B80095229C /* ClassTable */,
				B08F6FA127003E820015B354 /* KAEnrollmentView.swift */,
			);
			path = DetailView;
			sourceTree = "<group>";
		};
		B0D3A1A6270015B80095229C /* ClassTable */ = {
			isa = PBXGroup;
			children = (
				B08F6F9D27003E730015B354 /* KAClassItemView.swift */,
				B08F6F9E27003E730015B354 /* KAClassTableView.swift */,
			);
			path = ClassTable;
			sourceTree = "<group>";
		};
		B0D3A1AB270015E50095229C /* View */ = {
			isa = PBXGroup;
			children = (
				B08F6FC727003FD60015B354 /* JCBindIDView.swift */,
				B08F6FC827003FD60015B354 /* JCNoticeView.swift */,
			);
			path = View;
			sourceTree = "<group>";
		};
		B0D3A1AE270016FF0095229C /* View */ = {
			isa = PBXGroup;
			children = (
				B0D3A1AF270017080095229C /* Subview */,
				B08F6FBF27003F4D0015B354 /* BAContentView.swift */,
			);
			path = View;
			sourceTree = "<group>";
		};
		B0D3A1AF270017080095229C /* Subview */ = {
			isa = PBXGroup;
			children = (
				B0D3A1B62700171F0095229C /* UserInfoView */,
				B08F6FBB27003F410015B354 /* BaiActionView.swift */,
				B08F6FBC27003F410015B354 /* BaiHeaderView.swift */,
			);
			path = Subview;
			sourceTree = "<group>";
		};
		B0D3A1B62700171F0095229C /* UserInfoView */ = {
			isa = PBXGroup;
			children = (
				B08F6FB427003F350015B354 /* BaiScoreDetailView.swift */,
				B08F6FB627003F350015B354 /* BaiScoreMiniView.swift */,
				B08F6FB527003F350015B354 /* BaiScoreOverallView.swift */,
				B08F6FB327003F350015B354 /* BaiUserInfoView.swift */,
			);
			path = UserInfoView;
			sourceTree = "<group>";
		};
		B0D3A1D127001A730095229C /* Extensions */ = {
			isa = PBXGroup;
			children = (
				B02032CA26FE05910048B6F6 /* AvailabilityCheck.swift */,
				B02032C826FE05910048B6F6 /* ColorExtension.swift */,
				B02032C626FE05910048B6F6 /* ViewPlaceholder.swift */,
				B02032C726FE05910048B6F6 /* ImageExtension.swift */,
				B02032C526FE05910048B6F6 /* StringExtension.swift */,
				B02032C926FE05910048B6F6 /* ViewExtension.swift */,
			);
			path = Extensions;
			sourceTree = "<group>";
		};
/* End PBXGroup section */

/* Begin PBXNativeTarget section */
		B02EEEF326FDB2760010515A /* JavaClub */ = {
			isa = PBXNativeTarget;
			buildConfigurationList = B02EEF0826FDB2780010515A /* Build configuration list for PBXNativeTarget "JavaClub" */;
			buildPhases = (
				B02EEEF026FDB2760010515A /* Sources */,
				B02EEEF126FDB2760010515A /* Frameworks */,
				B02EEEF226FDB2760010515A /* Resources */,
			);
			buildRules = (
			);
			dependencies = (
			);
			name = JavaClub;
			packageProductDependencies = (
				B02EEF1326FDB9030010515A /* Defaults */,
				B02EEF1626FDB9110010515A /* Alamofire */,
				B02EEF1926FDB91E0010515A /* Kingfisher */,
				B02EEF1C26FDBA050010515A /* SQLite */,
				B02EEF1F26FDBA300010515A /* SwiftyJSON */,
				B02EEF2226FDBA770010515A /* SwiftyRSA */,
				B02EEF4026FDDA140010515A /* SnapKit */,
			);
			productName = JavaClub;
			productReference = B02EEEF426FDB2760010515A /* JavaClub.app */;
			productType = "com.apple.product-type.application";
		};
/* End PBXNativeTarget section */

/* Begin PBXProject section */
		B02EEEEC26FDB2760010515A /* Project object */ = {
			isa = PBXProject;
			attributes = {
				BuildIndependentTargetsInParallel = 1;
				LastSwiftUpdateCheck = 1300;
				LastUpgradeCheck = 1300;
				TargetAttributes = {
					B02EEEF326FDB2760010515A = {
						CreatedOnToolsVersion = 13.0;
					};
				};
			};
			buildConfigurationList = B02EEEEF26FDB2760010515A /* Build configuration list for PBXProject "JavaClub" */;
			compatibilityVersion = "Xcode 13.0";
			developmentRegion = en;
			hasScannedForEncodings = 0;
			knownRegions = (
				en,
				Base,
			);
			mainGroup = B02EEEEB26FDB2760010515A;
			packageReferences = (
				B02EEF1226FDB9030010515A /* XCRemoteSwiftPackageReference "Defaults" */,
				B02EEF1526FDB9110010515A /* XCRemoteSwiftPackageReference "Alamofire" */,
				B02EEF1826FDB91E0010515A /* XCRemoteSwiftPackageReference "Kingfisher" */,
				B02EEF1B26FDBA050010515A /* XCRemoteSwiftPackageReference "SQLite" */,
				B02EEF1E26FDBA300010515A /* XCRemoteSwiftPackageReference "SwiftyJSON" */,
				B02EEF2126FDBA770010515A /* XCRemoteSwiftPackageReference "SwiftyRSA" */,
				B02EEF3F26FDDA140010515A /* XCRemoteSwiftPackageReference "SnapKit" */,
			);
			productRefGroup = B02EEEF526FDB2760010515A /* Products */;
			projectDirPath = "";
			projectRoot = "";
			targets = (
				B02EEEF326FDB2760010515A /* JavaClub */,
			);
		};
/* End PBXProject section */

/* Begin PBXResourcesBuildPhase section */
		B02EEEF226FDB2760010515A /* Resources */ = {
			isa = PBXResourcesBuildPhase;
			buildActionMask = 2147483647;
			files = (
				B02EEF4426FDDA870010515A /* JavaClub.storyboard in Resources */,
				B02EEF0426FDB2780010515A /* LaunchScreen.storyboard in Resources */,
				B02EEF0126FDB2780010515A /* Assets.xcassets in Resources */,
				B08F6FD32700488F0015B354 /* Settings.storyboard in Resources */,
			);
			runOnlyForDeploymentPostprocessing = 0;
		};
/* End PBXResourcesBuildPhase section */

/* Begin PBXSourcesBuildPhase section */
		B02EEEF026FDB2760010515A /* Sources */ = {
			isa = PBXSourcesBuildPhase;
			buildActionMask = 2147483647;
			files = (
				B08F6FBA27003F360015B354 /* BaiScoreMiniView.swift in Sources */,
				B08F6FA827003EAD0015B354 /* KAAnnouncementView.swift in Sources */,
				B08F6FA027003E740015B354 /* KAClassTableView.swift in Sources */,
				B08F6F9F27003E740015B354 /* KAClassItemView.swift in Sources */,
				B08F6FCD270040010015B354 /* JCLoginInfo.swift in Sources */,
				B02EEEF826FDB2760010515A /* AppDelegate.swift in Sources */,
				B0D3A18F27000AC80095229C /* JCMainViewController.swift in Sources */,
				B08F6FAC27003EBA0015B354 /* KAContentView.swift in Sources */,
				B08F6FCE270040010015B354 /* JCUser.swift in Sources */,
				B08F6FD02700401E0015B354 /* STMainViewController.swift in Sources */,
				B08F6FBD27003F410015B354 /* BaiActionView.swift in Sources */,
				B08F6FBE27003F410015B354 /* BaiHeaderView.swift in Sources */,
				B08F6FCA27003FD60015B354 /* JCNoticeView.swift in Sources */,
				B02032CE26FE05910048B6F6 /* ColorExtension.swift in Sources */,
				B08F6FC527003F8C0015B354 /* DBManager.swift in Sources */,
				B02EEF2926FDC0A00010515A /* JCWebViewController.swift in Sources */,
				B01AA9B126FF2ADD000D3E4A /* LoadingIndicatorView.swift in Sources */,
				B02EEEFA26FDB2760010515A /* SceneDelegate.swift in Sources */,
				B08F6FA727003EAD0015B354 /* KAHeaderView.swift in Sources */,
				B02032CB26FE05910048B6F6 /* StringExtension.swift in Sources */,
				B08F6FB727003F360015B354 /* BaiUserInfoView.swift in Sources */,
				B08F6FB227003EEC0015B354 /* KAClass.swift in Sources */,
				B02EEF1126FDB5760010515A /* JCTabBarController.swift in Sources */,
				B02032D326FE37C20048B6F6 /* DesignableView.swift in Sources */,
				B02E4F1F2701BB7C00EA3DDB /* SettingsOption.swift in Sources */,
				B08F6FB927003F360015B354 /* BaiScoreOverallView.swift in Sources */,
				B02032CC26FE05910048B6F6 /* ViewPlaceholder.swift in Sources */,
				B08F6FC427003F8C0015B354 /* JCImageManager.swift in Sources */,
				B08F6FC627003F8C0015B354 /* JCAccountManager.swift in Sources */,
				B08F6FA227003E820015B354 /* KAEnrollmentView.swift in Sources */,
				B02032D026FE05910048B6F6 /* AvailabilityCheck.swift in Sources */,
				B08F6FC027003F4D0015B354 /* BAContentView.swift in Sources */,
				B02EEF3E26FDD7BD0010515A /* JCLoginViewController.swift in Sources */,
				B08F6FB027003EEC0015B354 /* KCLoginInfo.swift in Sources */,
				B08F6FB127003EEC0015B354 /* KAEnrollment.swift in Sources */,
				B08F6FA927003EAD0015B354 /* KAActionView.swift in Sources */,
				B08F6FB827003F360015B354 /* BaiScoreDetailView.swift in Sources */,
				B02032CD26FE05910048B6F6 /* ImageExtension.swift in Sources */,
				B02032CF26FE05910048B6F6 /* ViewExtension.swift in Sources */,
				B01AA9B726FF4C55000D3E4A /* JCLoginState.swift in Sources */,
				B08F6FD5270048B40015B354 /* STContentViewController.swift in Sources */,
				B08F6FC927003FD60015B354 /* JCBindIDView.swift in Sources */,
				B08F6FAA27003EAD0015B354 /* KAUserInfoView.swift in Sources */,
			);
			runOnlyForDeploymentPostprocessing = 0;
		};
/* End PBXSourcesBuildPhase section */

/* Begin PBXVariantGroup section */
		B02EEF0226FDB2780010515A /* LaunchScreen.storyboard */ = {
			isa = PBXVariantGroup;
			children = (
				B02EEF0326FDB2780010515A /* Base */,
			);
			name = LaunchScreen.storyboard;
			sourceTree = "<group>";
		};
/* End PBXVariantGroup section */

/* Begin XCBuildConfiguration section */
		B02EEF0626FDB2780010515A /* Debug */ = {
			isa = XCBuildConfiguration;
			buildSettings = {
				ALWAYS_SEARCH_USER_PATHS = NO;
				CLANG_ANALYZER_NONNULL = YES;
				CLANG_ANALYZER_NUMBER_OBJECT_CONVERSION = YES_AGGRESSIVE;
				CLANG_CXX_LANGUAGE_STANDARD = "gnu++17";
				CLANG_CXX_LIBRARY = "libc++";
				CLANG_ENABLE_MODULES = YES;
				CLANG_ENABLE_OBJC_ARC = YES;
				CLANG_ENABLE_OBJC_WEAK = YES;
				CLANG_WARN_BLOCK_CAPTURE_AUTORELEASING = YES;
				CLANG_WARN_BOOL_CONVERSION = YES;
				CLANG_WARN_COMMA = YES;
				CLANG_WARN_CONSTANT_CONVERSION = YES;
				CLANG_WARN_DEPRECATED_OBJC_IMPLEMENTATIONS = YES;
				CLANG_WARN_DIRECT_OBJC_ISA_USAGE = YES_ERROR;
				CLANG_WARN_DOCUMENTATION_COMMENTS = YES;
				CLANG_WARN_EMPTY_BODY = YES;
				CLANG_WARN_ENUM_CONVERSION = YES;
				CLANG_WARN_INFINITE_RECURSION = YES;
				CLANG_WARN_INT_CONVERSION = YES;
				CLANG_WARN_NON_LITERAL_NULL_CONVERSION = YES;
				CLANG_WARN_OBJC_IMPLICIT_RETAIN_SELF = YES;
				CLANG_WARN_OBJC_LITERAL_CONVERSION = YES;
				CLANG_WARN_OBJC_ROOT_CLASS = YES_ERROR;
				CLANG_WARN_QUOTED_INCLUDE_IN_FRAMEWORK_HEADER = YES;
				CLANG_WARN_RANGE_LOOP_ANALYSIS = YES;
				CLANG_WARN_STRICT_PROTOTYPES = YES;
				CLANG_WARN_SUSPICIOUS_MOVE = YES;
				CLANG_WARN_UNGUARDED_AVAILABILITY = YES_AGGRESSIVE;
				CLANG_WARN_UNREACHABLE_CODE = YES;
				CLANG_WARN__DUPLICATE_METHOD_MATCH = YES;
				COPY_PHASE_STRIP = NO;
				DEBUG_INFORMATION_FORMAT = dwarf;
				ENABLE_STRICT_OBJC_MSGSEND = YES;
				ENABLE_TESTABILITY = YES;
				GCC_C_LANGUAGE_STANDARD = gnu11;
				GCC_DYNAMIC_NO_PIC = NO;
				GCC_NO_COMMON_BLOCKS = YES;
				GCC_OPTIMIZATION_LEVEL = 0;
				GCC_PREPROCESSOR_DEFINITIONS = (
					"DEBUG=1",
					"$(inherited)",
				);
				GCC_WARN_64_TO_32_BIT_CONVERSION = YES;
				GCC_WARN_ABOUT_RETURN_TYPE = YES_ERROR;
				GCC_WARN_UNDECLARED_SELECTOR = YES;
				GCC_WARN_UNINITIALIZED_AUTOS = YES_AGGRESSIVE;
				GCC_WARN_UNUSED_FUNCTION = YES;
				GCC_WARN_UNUSED_VARIABLE = YES;
				IPHONEOS_DEPLOYMENT_TARGET = 13.0;
				MTL_ENABLE_DEBUG_INFO = INCLUDE_SOURCE;
				MTL_FAST_MATH = YES;
				ONLY_ACTIVE_ARCH = YES;
				SDKROOT = iphoneos;
				SWIFT_ACTIVE_COMPILATION_CONDITIONS = DEBUG;
				SWIFT_OPTIMIZATION_LEVEL = "-Onone";
			};
			name = Debug;
		};
		B02EEF0726FDB2780010515A /* Release */ = {
			isa = XCBuildConfiguration;
			buildSettings = {
				ALWAYS_SEARCH_USER_PATHS = NO;
				CLANG_ANALYZER_NONNULL = YES;
				CLANG_ANALYZER_NUMBER_OBJECT_CONVERSION = YES_AGGRESSIVE;
				CLANG_CXX_LANGUAGE_STANDARD = "gnu++17";
				CLANG_CXX_LIBRARY = "libc++";
				CLANG_ENABLE_MODULES = YES;
				CLANG_ENABLE_OBJC_ARC = YES;
				CLANG_ENABLE_OBJC_WEAK = YES;
				CLANG_WARN_BLOCK_CAPTURE_AUTORELEASING = YES;
				CLANG_WARN_BOOL_CONVERSION = YES;
				CLANG_WARN_COMMA = YES;
				CLANG_WARN_CONSTANT_CONVERSION = YES;
				CLANG_WARN_DEPRECATED_OBJC_IMPLEMENTATIONS = YES;
				CLANG_WARN_DIRECT_OBJC_ISA_USAGE = YES_ERROR;
				CLANG_WARN_DOCUMENTATION_COMMENTS = YES;
				CLANG_WARN_EMPTY_BODY = YES;
				CLANG_WARN_ENUM_CONVERSION = YES;
				CLANG_WARN_INFINITE_RECURSION = YES;
				CLANG_WARN_INT_CONVERSION = YES;
				CLANG_WARN_NON_LITERAL_NULL_CONVERSION = YES;
				CLANG_WARN_OBJC_IMPLICIT_RETAIN_SELF = YES;
				CLANG_WARN_OBJC_LITERAL_CONVERSION = YES;
				CLANG_WARN_OBJC_ROOT_CLASS = YES_ERROR;
				CLANG_WARN_QUOTED_INCLUDE_IN_FRAMEWORK_HEADER = YES;
				CLANG_WARN_RANGE_LOOP_ANALYSIS = YES;
				CLANG_WARN_STRICT_PROTOTYPES = YES;
				CLANG_WARN_SUSPICIOUS_MOVE = YES;
				CLANG_WARN_UNGUARDED_AVAILABILITY = YES_AGGRESSIVE;
				CLANG_WARN_UNREACHABLE_CODE = YES;
				CLANG_WARN__DUPLICATE_METHOD_MATCH = YES;
				COPY_PHASE_STRIP = NO;
				DEBUG_INFORMATION_FORMAT = "dwarf-with-dsym";
				ENABLE_NS_ASSERTIONS = NO;
				ENABLE_STRICT_OBJC_MSGSEND = YES;
				GCC_C_LANGUAGE_STANDARD = gnu11;
				GCC_NO_COMMON_BLOCKS = YES;
				GCC_WARN_64_TO_32_BIT_CONVERSION = YES;
				GCC_WARN_ABOUT_RETURN_TYPE = YES_ERROR;
				GCC_WARN_UNDECLARED_SELECTOR = YES;
				GCC_WARN_UNINITIALIZED_AUTOS = YES_AGGRESSIVE;
				GCC_WARN_UNUSED_FUNCTION = YES;
				GCC_WARN_UNUSED_VARIABLE = YES;
				IPHONEOS_DEPLOYMENT_TARGET = 13.0;
				MTL_ENABLE_DEBUG_INFO = NO;
				MTL_FAST_MATH = YES;
				SDKROOT = iphoneos;
				SWIFT_COMPILATION_MODE = wholemodule;
				SWIFT_OPTIMIZATION_LEVEL = "-O";
				VALIDATE_PRODUCT = YES;
			};
			name = Release;
		};
		B02EEF0926FDB2780010515A /* Debug */ = {
			isa = XCBuildConfiguration;
			buildSettings = {
				ASSETCATALOG_COMPILER_APPICON_NAME = AppIcon;
				ASSETCATALOG_COMPILER_GLOBAL_ACCENT_COLOR_NAME = AccentColor;
				CODE_SIGN_STYLE = Automatic;
				CURRENT_PROJECT_VERSION = 1;
				DEVELOPMENT_TEAM = S6ZX968578;
				GENERATE_INFOPLIST_FILE = YES;
				INFOPLIST_FILE = "JavaClub/Support Files/Info.plist";
				INFOPLIST_KEY_UIApplicationSupportsIndirectInputEvents = YES;
				INFOPLIST_KEY_UILaunchStoryboardName = LaunchScreen;
				INFOPLIST_KEY_UISupportedInterfaceOrientations_iPad = "UIInterfaceOrientationPortrait UIInterfaceOrientationPortraitUpsideDown UIInterfaceOrientationLandscapeLeft UIInterfaceOrientationLandscapeRight";
				INFOPLIST_KEY_UISupportedInterfaceOrientations_iPhone = "UIInterfaceOrientationPortrait UIInterfaceOrientationLandscapeLeft UIInterfaceOrientationLandscapeRight";
				IPHONEOS_DEPLOYMENT_TARGET = 13.0;
				LD_RUNPATH_SEARCH_PATHS = (
					"$(inherited)",
					"@executable_path/Frameworks",
				);
				MARKETING_VERSION = 0.0.1;
				PRODUCT_BUNDLE_IDENTIFIER = com.RoyRao.work.JavaClub;
				PRODUCT_NAME = "$(TARGET_NAME)";
				SWIFT_EMIT_LOC_STRINGS = YES;
				SWIFT_VERSION = 5.0;
				TARGETED_DEVICE_FAMILY = 1;
			};
			name = Debug;
		};
		B02EEF0A26FDB2780010515A /* Release */ = {
			isa = XCBuildConfiguration;
			buildSettings = {
				ASSETCATALOG_COMPILER_APPICON_NAME = AppIcon;
				ASSETCATALOG_COMPILER_GLOBAL_ACCENT_COLOR_NAME = AccentColor;
				CODE_SIGN_STYLE = Automatic;
				CURRENT_PROJECT_VERSION = 1;
				DEVELOPMENT_TEAM = S6ZX968578;
				GENERATE_INFOPLIST_FILE = YES;
				INFOPLIST_FILE = "JavaClub/Support Files/Info.plist";
				INFOPLIST_KEY_UIApplicationSupportsIndirectInputEvents = YES;
				INFOPLIST_KEY_UILaunchStoryboardName = LaunchScreen;
				INFOPLIST_KEY_UISupportedInterfaceOrientations_iPad = "UIInterfaceOrientationPortrait UIInterfaceOrientationPortraitUpsideDown UIInterfaceOrientationLandscapeLeft UIInterfaceOrientationLandscapeRight";
				INFOPLIST_KEY_UISupportedInterfaceOrientations_iPhone = "UIInterfaceOrientationPortrait UIInterfaceOrientationLandscapeLeft UIInterfaceOrientationLandscapeRight";
				IPHONEOS_DEPLOYMENT_TARGET = 13.0;
				LD_RUNPATH_SEARCH_PATHS = (
					"$(inherited)",
					"@executable_path/Frameworks",
				);
				MARKETING_VERSION = 0.0.1;
				PRODUCT_BUNDLE_IDENTIFIER = com.RoyRao.work.JavaClub;
				PRODUCT_NAME = "$(TARGET_NAME)";
				SWIFT_EMIT_LOC_STRINGS = YES;
				SWIFT_VERSION = 5.0;
				TARGETED_DEVICE_FAMILY = 1;
			};
			name = Release;
		};
/* End XCBuildConfiguration section */

/* Begin XCConfigurationList section */
		B02EEEEF26FDB2760010515A /* Build configuration list for PBXProject "JavaClub" */ = {
			isa = XCConfigurationList;
			buildConfigurations = (
				B02EEF0626FDB2780010515A /* Debug */,
				B02EEF0726FDB2780010515A /* Release */,
			);
			defaultConfigurationIsVisible = 0;
			defaultConfigurationName = Release;
		};
		B02EEF0826FDB2780010515A /* Build configuration list for PBXNativeTarget "JavaClub" */ = {
			isa = XCConfigurationList;
			buildConfigurations = (
				B02EEF0926FDB2780010515A /* Debug */,
				B02EEF0A26FDB2780010515A /* Release */,
			);
			defaultConfigurationIsVisible = 0;
			defaultConfigurationName = Release;
		};
/* End XCConfigurationList section */

/* Begin XCRemoteSwiftPackageReference section */
		B02EEF1226FDB9030010515A /* XCRemoteSwiftPackageReference "Defaults" */ = {
			isa = XCRemoteSwiftPackageReference;
			repositoryURL = "https://github.com/sindresorhus/Defaults";
			requirement = {
				kind = upToNextMajorVersion;
				minimumVersion = 5.0.0;
			};
		};
		B02EEF1526FDB9110010515A /* XCRemoteSwiftPackageReference "Alamofire" */ = {
			isa = XCRemoteSwiftPackageReference;
			repositoryURL = "https://github.com/Alamofire/Alamofire";
			requirement = {
				kind = upToNextMajorVersion;
				minimumVersion = 5.0.0;
			};
		};
		B02EEF1826FDB91E0010515A /* XCRemoteSwiftPackageReference "Kingfisher" */ = {
			isa = XCRemoteSwiftPackageReference;
			repositoryURL = "https://github.com/onevcat/Kingfisher";
			requirement = {
				kind = upToNextMajorVersion;
				minimumVersion = 7.0.0;
			};
		};
		B02EEF1B26FDBA050010515A /* XCRemoteSwiftPackageReference "SQLite" */ = {
			isa = XCRemoteSwiftPackageReference;
			repositoryURL = "https://github.com/stephencelis/SQLite.swift";
			requirement = {
				kind = upToNextMajorVersion;
				minimumVersion = 0.9.2;
			};
		};
		B02EEF1E26FDBA300010515A /* XCRemoteSwiftPackageReference "SwiftyJSON" */ = {
			isa = XCRemoteSwiftPackageReference;
			repositoryURL = "https://github.com/SwiftyJSON/SwiftyJSON";
			requirement = {
				kind = upToNextMajorVersion;
				minimumVersion = 5.0.0;
			};
		};
		B02EEF2126FDBA770010515A /* XCRemoteSwiftPackageReference "SwiftyRSA" */ = {
			isa = XCRemoteSwiftPackageReference;
			repositoryURL = "https://github.com/swift-package-manager/SwiftyRSA";
			requirement = {
				kind = upToNextMajorVersion;
				minimumVersion = 1.0.0;
			};
		};
		B02EEF3F26FDDA140010515A /* XCRemoteSwiftPackageReference "SnapKit" */ = {
			isa = XCRemoteSwiftPackageReference;
			repositoryURL = "https://github.com/SnapKit/SnapKit";
			requirement = {
				kind = upToNextMajorVersion;
				minimumVersion = 5.0.0;
			};
		};
/* End XCRemoteSwiftPackageReference section */

/* Begin XCSwiftPackageProductDependency section */
		B02EEF1326FDB9030010515A /* Defaults */ = {
			isa = XCSwiftPackageProductDependency;
			package = B02EEF1226FDB9030010515A /* XCRemoteSwiftPackageReference "Defaults" */;
			productName = Defaults;
		};
		B02EEF1626FDB9110010515A /* Alamofire */ = {
			isa = XCSwiftPackageProductDependency;
			package = B02EEF1526FDB9110010515A /* XCRemoteSwiftPackageReference "Alamofire" */;
			productName = Alamofire;
		};
		B02EEF1926FDB91E0010515A /* Kingfisher */ = {
			isa = XCSwiftPackageProductDependency;
			package = B02EEF1826FDB91E0010515A /* XCRemoteSwiftPackageReference "Kingfisher" */;
			productName = Kingfisher;
		};
		B02EEF1C26FDBA050010515A /* SQLite */ = {
			isa = XCSwiftPackageProductDependency;
			package = B02EEF1B26FDBA050010515A /* XCRemoteSwiftPackageReference "SQLite" */;
			productName = SQLite;
		};
		B02EEF1F26FDBA300010515A /* SwiftyJSON */ = {
			isa = XCSwiftPackageProductDependency;
			package = B02EEF1E26FDBA300010515A /* XCRemoteSwiftPackageReference "SwiftyJSON" */;
			productName = SwiftyJSON;
		};
		B02EEF2226FDBA770010515A /* SwiftyRSA */ = {
			isa = XCSwiftPackageProductDependency;
			package = B02EEF2126FDBA770010515A /* XCRemoteSwiftPackageReference "SwiftyRSA" */;
			productName = SwiftyRSA;
		};
		B02EEF4026FDDA140010515A /* SnapKit */ = {
			isa = XCSwiftPackageProductDependency;
			package = B02EEF3F26FDDA140010515A /* XCRemoteSwiftPackageReference "SnapKit" */;
			productName = SnapKit;
		};
/* End XCSwiftPackageProductDependency section */
	};
	rootObject = B02EEEEC26FDB2760010515A /* Project object */;
}
