// !$*UTF8*$!
{
	archiveVersion = 1;
	classes = {
	};
	objectVersion = 55;
	objects = {

/* Begin PBXBuildFile section */
		243EF3102736566C000E59ED /* JCEulaViewController.swift in Sources */ = {isa = PBXBuildFile; fileRef = 243EF30F2736566C000E59ED /* JCEulaViewController.swift */; };
		243EF3122736567F000E59ED /* EULA.pdf in Resources */ = {isa = PBXBuildFile; fileRef = 243EF3112736567F000E59ED /* EULA.pdf */; };
		24B72C6C2729897400DC1DB1 /* KATermSelectorView.swift in Sources */ = {isa = PBXBuildFile; fileRef = 24B72C6B2729897400DC1DB1 /* KATermSelectorView.swift */; };
		24B72C6E2729898C00DC1DB1 /* KAClassDetailView.swift in Sources */ = {isa = PBXBuildFile; fileRef = 24B72C6D2729898C00DC1DB1 /* KAClassDetailView.swift */; };
		B00939FE27151D3200879AC5 /* UnderlineButton.swift in Sources */ = {isa = PBXBuildFile; fileRef = B00939FD27151D3200879AC5 /* UnderlineButton.swift */; };
		B0093A012715539E00879AC5 /* ScoreCollectionViewCell.swift in Sources */ = {isa = PBXBuildFile; fileRef = B0093A002715539E00879AC5 /* ScoreCollectionViewCell.swift */; };
		B0093A0A27159E0E00879AC5 /* SwiftyRSA in Frameworks */ = {isa = PBXBuildFile; productRef = B0093A0927159E0E00879AC5 /* SwiftyRSA */; };
		B01AA9B126FF2ADD000D3E4A /* LoadingIndicatorView.swift in Sources */ = {isa = PBXBuildFile; fileRef = B01AA9B026FF2ADD000D3E4A /* LoadingIndicatorView.swift */; };
		B01AA9B726FF4C55000D3E4A /* JCLoginState.swift in Sources */ = {isa = PBXBuildFile; fileRef = B01AA9B626FF4C55000D3E4A /* JCLoginState.swift */; };
		B02032CB26FE05910048B6F6 /* StringExtension.swift in Sources */ = {isa = PBXBuildFile; fileRef = B02032C526FE05910048B6F6 /* StringExtension.swift */; };
		B02032CC26FE05910048B6F6 /* ViewPlaceholder.swift in Sources */ = {isa = PBXBuildFile; fileRef = B02032C626FE05910048B6F6 /* ViewPlaceholder.swift */; };
		B02032CD26FE05910048B6F6 /* ImageExtension.swift in Sources */ = {isa = PBXBuildFile; fileRef = B02032C726FE05910048B6F6 /* ImageExtension.swift */; };
		B02032CE26FE05910048B6F6 /* ColorExtension.swift in Sources */ = {isa = PBXBuildFile; fileRef = B02032C826FE05910048B6F6 /* ColorExtension.swift */; };
		B02032CF26FE05910048B6F6 /* ViewExtension.swift in Sources */ = {isa = PBXBuildFile; fileRef = B02032C926FE05910048B6F6 /* ViewExtension.swift */; };
		B02032D026FE05910048B6F6 /* AvailabilityCheck.swift in Sources */ = {isa = PBXBuildFile; fileRef = B02032CA26FE05910048B6F6 /* AvailabilityCheck.swift */; };
		B02032D326FE37C20048B6F6 /* DesignableView.swift in Sources */ = {isa = PBXBuildFile; fileRef = B02032D226FE37C20048B6F6 /* DesignableView.swift */; };
		B02E4F1F2701BB7C00EA3DDB /* TVOption.swift in Sources */ = {isa = PBXBuildFile; fileRef = B02E4F1E2701BB7C00EA3DDB /* TVOption.swift */; };
		B02EEEF826FDB2760010515A /* AppDelegate.swift in Sources */ = {isa = PBXBuildFile; fileRef = B02EEEF726FDB2760010515A /* AppDelegate.swift */; };
		B02EEEFA26FDB2760010515A /* SceneDelegate.swift in Sources */ = {isa = PBXBuildFile; fileRef = B02EEEF926FDB2760010515A /* SceneDelegate.swift */; };
		B02EEF0126FDB2780010515A /* Assets.xcassets in Resources */ = {isa = PBXBuildFile; fileRef = B02EEF0026FDB2780010515A /* Assets.xcassets */; };
		B02EEF0426FDB2780010515A /* LaunchScreen.storyboard in Resources */ = {isa = PBXBuildFile; fileRef = B02EEF0226FDB2780010515A /* LaunchScreen.storyboard */; };
		B02EEF1126FDB5760010515A /* JCTabBarController.swift in Sources */ = {isa = PBXBuildFile; fileRef = B02EEF1026FDB5760010515A /* JCTabBarController.swift */; };
		B02EEF1426FDB9030010515A /* Defaults in Frameworks */ = {isa = PBXBuildFile; productRef = B02EEF1326FDB9030010515A /* Defaults */; };
		B02EEF1726FDB9110010515A /* Alamofire in Frameworks */ = {isa = PBXBuildFile; productRef = B02EEF1626FDB9110010515A /* Alamofire */; };
		B02EEF1A26FDB91E0010515A /* Kingfisher in Frameworks */ = {isa = PBXBuildFile; productRef = B02EEF1926FDB91E0010515A /* Kingfisher */; };
		B02EEF2026FDBA300010515A /* SwiftyJSON in Frameworks */ = {isa = PBXBuildFile; productRef = B02EEF1F26FDBA300010515A /* SwiftyJSON */; };
		B02EEF2926FDC0A00010515A /* JCWebViewController.swift in Sources */ = {isa = PBXBuildFile; fileRef = B02EEF2826FDC0A00010515A /* JCWebViewController.swift */; };
		B02EEF3E26FDD7BD0010515A /* JCLoginViewController.swift in Sources */ = {isa = PBXBuildFile; fileRef = B02EEF3D26FDD7BD0010515A /* JCLoginViewController.swift */; };
		B02EEF4126FDDA140010515A /* SnapKit in Frameworks */ = {isa = PBXBuildFile; productRef = B02EEF4026FDDA140010515A /* SnapKit */; };
		B02EEF4426FDDA870010515A /* JavaClub.storyboard in Resources */ = {isa = PBXBuildFile; fileRef = B02EEF4326FDDA870010515A /* JavaClub.storyboard */; };
		B035CACA273105950097AE68 /* StrokeColorAnimation.swift in Sources */ = {isa = PBXBuildFile; fileRef = B035CAC5273105940097AE68 /* StrokeColorAnimation.swift */; };
		B035CACB273105950097AE68 /* ProgressShapeLayer.swift in Sources */ = {isa = PBXBuildFile; fileRef = B035CAC6273105940097AE68 /* ProgressShapeLayer.swift */; };
		B035CACC273105950097AE68 /* ProgressView.swift in Sources */ = {isa = PBXBuildFile; fileRef = B035CAC7273105940097AE68 /* ProgressView.swift */; };
		B035CACD273105950097AE68 /* RotationAnimation.swift in Sources */ = {isa = PBXBuildFile; fileRef = B035CAC8273105950097AE68 /* RotationAnimation.swift */; };
		B035CACE273105950097AE68 /* StrokeAnimation.swift in Sources */ = {isa = PBXBuildFile; fileRef = B035CAC9273105950097AE68 /* StrokeAnimation.swift */; };
		B035CAD02731234F0097AE68 /* LocalizableTextField.swift in Sources */ = {isa = PBXBuildFile; fileRef = B035CACF2731234F0097AE68 /* LocalizableTextField.swift */; };
		B041668B272F75EB00117876 /* BAMainViewController.swift in Sources */ = {isa = PBXBuildFile; fileRef = B041668A272F75EB00117876 /* BAMainViewController.swift */; };
		B041668E272F762200117876 /* BaiAssistant.storyboard in Resources */ = {isa = PBXBuildFile; fileRef = B041668D272F762200117876 /* BaiAssistant.storyboard */; };
		B0416690272F7DAB00117876 /* BAAccountManager.swift in Sources */ = {isa = PBXBuildFile; fileRef = B041668F272F7DAB00117876 /* BAAccountManager.swift */; };
		B0416692272F8BAA00117876 /* BAContentViewController.swift in Sources */ = {isa = PBXBuildFile; fileRef = B0416691272F8BAA00117876 /* BAContentViewController.swift */; };
		B044E43C27191AFE0097D04B /* KAClassTableContentview.swift in Sources */ = {isa = PBXBuildFile; fileRef = B044E43B27191AFE0097D04B /* KAClassTableContentview.swift */; };
		B044E43E27191B2B0097D04B /* KAClassTableCell.swift in Sources */ = {isa = PBXBuildFile; fileRef = B044E43D27191B2B0097D04B /* KAClassTableCell.swift */; };
		B044E446271958490097D04B /* KAClassRealm.swift in Sources */ = {isa = PBXBuildFile; fileRef = B044E445271958490097D04B /* KAClassRealm.swift */; };
		B04C494F2717C05C00FBD9E7 /* KAEnrollmentViewController.swift in Sources */ = {isa = PBXBuildFile; fileRef = B04C494E2717C05C00FBD9E7 /* KAEnrollmentViewController.swift */; };
		B04C49562717F42200FBD9E7 /* CVScoreContentConfiguration.swift in Sources */ = {isa = PBXBuildFile; fileRef = B04C49552717F42200FBD9E7 /* CVScoreContentConfiguration.swift */; };
		B04C49582717F4AD00FBD9E7 /* CVScoreContentView.swift in Sources */ = {isa = PBXBuildFile; fileRef = B04C49572717F4AD00FBD9E7 /* CVScoreContentView.swift */; };
		B04C495A2718138F00FBD9E7 /* ScoreImageView.swift in Sources */ = {isa = PBXBuildFile; fileRef = B04C49592718138F00FBD9E7 /* ScoreImageView.swift */; };
		B04FEE2E27113D750065FFB6 /* TappableViewCell.swift in Sources */ = {isa = PBXBuildFile; fileRef = B04FEE2D27113D750065FFB6 /* TappableViewCell.swift */; };
		B04FEE302711607A0065FFB6 /* TVSection.swift in Sources */ = {isa = PBXBuildFile; fileRef = B04FEE2F2711607A0065FFB6 /* TVSection.swift */; };
		B04FEE32271168080065FFB6 /* SwitchTableViewCell.swift in Sources */ = {isa = PBXBuildFile; fileRef = B04FEE31271168080065FFB6 /* SwitchTableViewCell.swift */; };
		B04FEE3427116CC80065FFB6 /* StaticTableViewCell.swift in Sources */ = {isa = PBXBuildFile; fileRef = B04FEE3327116CC80065FFB6 /* StaticTableViewCell.swift */; };
		B05B0D76271D05E300F48D52 /* NoRotateNavigationController.swift in Sources */ = {isa = PBXBuildFile; fileRef = B05B0D75271D05E300F48D52 /* NoRotateNavigationController.swift */; };
		B06F83FF2722BC4800069A23 /* KAClassTableObservable.swift in Sources */ = {isa = PBXBuildFile; fileRef = B06F83FE2722BC4800069A23 /* KAClassTableObservable.swift */; };
		B07399BC270A98330020AEB8 /* BAAccount.swift in Sources */ = {isa = PBXBuildFile; fileRef = B07399BB270A98330020AEB8 /* BAAccount.swift */; };
		B07399BE270A99220020AEB8 /* BAScoreAdding.swift in Sources */ = {isa = PBXBuildFile; fileRef = B07399BD270A99220020AEB8 /* BAScoreAdding.swift */; };
		B07399C0270A99330020AEB8 /* BAScore.swift in Sources */ = {isa = PBXBuildFile; fileRef = B07399BF270A99330020AEB8 /* BAScore.swift */; };
		B07399C2270A99A70020AEB8 /* BAEvent.swift in Sources */ = {isa = PBXBuildFile; fileRef = B07399C1270A99A70020AEB8 /* BAEvent.swift */; };
		B08CFF8F2733D727000E07A4 /* TappableButton.swift in Sources */ = {isa = PBXBuildFile; fileRef = B08CFF8E2733D727000E07A4 /* TappableButton.swift */; };
		B08F6FB027003EEC0015B354 /* KALoginInfo.swift in Sources */ = {isa = PBXBuildFile; fileRef = B08F6FAD27003EEB0015B354 /* KALoginInfo.swift */; };
		B08F6FB127003EEC0015B354 /* KAEnrollment.swift in Sources */ = {isa = PBXBuildFile; fileRef = B08F6FAE27003EEB0015B354 /* KAEnrollment.swift */; };
		B08F6FB227003EEC0015B354 /* KAClass.swift in Sources */ = {isa = PBXBuildFile; fileRef = B08F6FAF27003EEB0015B354 /* KAClass.swift */; };
		B08F6FC527003F8C0015B354 /* ClassTableManager.swift in Sources */ = {isa = PBXBuildFile; fileRef = B08F6FC227003F8C0015B354 /* ClassTableManager.swift */; };
		B08F6FC627003F8C0015B354 /* JCAccountManager.swift in Sources */ = {isa = PBXBuildFile; fileRef = B08F6FC327003F8C0015B354 /* JCAccountManager.swift */; };
		B08F6FCA27003FD60015B354 /* JCNoticeView.swift in Sources */ = {isa = PBXBuildFile; fileRef = B08F6FC827003FD60015B354 /* JCNoticeView.swift */; };
		B08F6FCD270040010015B354 /* JCLoginInfo.swift in Sources */ = {isa = PBXBuildFile; fileRef = B08F6FCB270040010015B354 /* JCLoginInfo.swift */; };
		B08F6FCE270040010015B354 /* JCUser.swift in Sources */ = {isa = PBXBuildFile; fileRef = B08F6FCC270040010015B354 /* JCUser.swift */; };
		B08F6FD02700401E0015B354 /* STMainViewController.swift in Sources */ = {isa = PBXBuildFile; fileRef = B08F6FCF2700401E0015B354 /* STMainViewController.swift */; };
		B08F6FD32700488F0015B354 /* Settings.storyboard in Resources */ = {isa = PBXBuildFile; fileRef = B08F6FD22700488F0015B354 /* Settings.storyboard */; };
		B08F6FD5270048B40015B354 /* STContentViewController.swift in Sources */ = {isa = PBXBuildFile; fileRef = B08F6FD4270048B40015B354 /* STContentViewController.swift */; };
		B0973FA32703FC0300E5C9C6 /* KAScoreViewController.swift in Sources */ = {isa = PBXBuildFile; fileRef = B0973FA22703FC0300E5C9C6 /* KAScoreViewController.swift */; };
		B0973FA62703FE4200E5C9C6 /* KAScore.swift in Sources */ = {isa = PBXBuildFile; fileRef = B0973FA52703FE4200E5C9C6 /* KAScore.swift */; };
		B0973FAA27044BE500E5C9C6 /* KASection.swift in Sources */ = {isa = PBXBuildFile; fileRef = B0973FA927044BE500E5C9C6 /* KASection.swift */; };
		B0A5D9A1272A49D300A8E3EE /* JCDateManager.swift in Sources */ = {isa = PBXBuildFile; fileRef = B0A5D9A0272A49D300A8E3EE /* JCDateManager.swift */; };
		B0A5D9A4272A9CFE00A8E3EE /* NumberExtension.swift in Sources */ = {isa = PBXBuildFile; fileRef = B0A5D9A3272A9CFE00A8E3EE /* NumberExtension.swift */; };
		B0AF94FE272BE05A00671BF7 /* Localizable.strings in Resources */ = {isa = PBXBuildFile; fileRef = B0AF94FC272BE05A00671BF7 /* Localizable.strings */; };
		B0AF9504272BE88100671BF7 /* LocalizableLabel.swift in Sources */ = {isa = PBXBuildFile; fileRef = B0AF9503272BE88100671BF7 /* LocalizableLabel.swift */; };
		B0B84350270FE6F800C19B9B /* RefreshableScrollView.swift in Sources */ = {isa = PBXBuildFile; fileRef = B0B8434F270FE6F800C19B9B /* RefreshableScrollView.swift */; };
		B0B84352270FEB1700C19B9B /* KAContentViewController.swift in Sources */ = {isa = PBXBuildFile; fileRef = B0B84351270FEB1700C19B9B /* KAContentViewController.swift */; };
		B0B84354270FEBE300C19B9B /* KAMainViewController.swift in Sources */ = {isa = PBXBuildFile; fileRef = B0B84353270FEBE300C19B9B /* KAMainViewController.swift */; };
		B0B84357270FEC1B00C19B9B /* KcAssistant.storyboard in Resources */ = {isa = PBXBuildFile; fileRef = B0B84356270FEC1B00C19B9B /* KcAssistant.storyboard */; };
		B0B8435B271039F600C19B9B /* TappableItemView.swift in Sources */ = {isa = PBXBuildFile; fileRef = B0B8435A271039F600C19B9B /* TappableItemView.swift */; };
		B0BCD18427326D360075395B /* ProgressIndicator.swift in Sources */ = {isa = PBXBuildFile; fileRef = B0BCD18327326D360075395B /* ProgressIndicator.swift */; };
		B0CCEF0927140D6C001235E9 /* KABindingViewController.swift in Sources */ = {isa = PBXBuildFile; fileRef = B0CCEF0827140D6C001235E9 /* KABindingViewController.swift */; };
		B0CCEF0C27141EAB001235E9 /* DeviceKit in Frameworks */ = {isa = PBXBuildFile; productRef = B0CCEF0B27141EAB001235E9 /* DeviceKit */; };
		B0CCEF0E27144425001235E9 /* JCCheckboxButton.swift in Sources */ = {isa = PBXBuildFile; fileRef = B0CCEF0D27144425001235E9 /* JCCheckboxButton.swift */; };
		B0D3A18F27000AC80095229C /* JCMainViewController.swift in Sources */ = {isa = PBXBuildFile; fileRef = B0D3A18E27000AC80095229C /* JCMainViewController.swift */; };
		B0D62071273223DD0014F165 /* Spinner.swift in Sources */ = {isa = PBXBuildFile; fileRef = B0D62070273223DD0014F165 /* Spinner.swift */; };
		B0EA83A72733B09C0028ADF8 /* BALoginViewController.swift in Sources */ = {isa = PBXBuildFile; fileRef = B0EA83A62733B09C0028ADF8 /* BALoginViewController.swift */; };
		B0EFEB7A272FD2D600CAA2AE /* BALoginInfo.swift in Sources */ = {isa = PBXBuildFile; fileRef = B0EFEB79272FD2D600CAA2AE /* BALoginInfo.swift */; };
		B0F900CA270300420056A016 /* ViewControllerExtension.swift in Sources */ = {isa = PBXBuildFile; fileRef = B0F900C9270300420056A016 /* ViewControllerExtension.swift */; };
/* End PBXBuildFile section */

/* Begin PBXFileReference section */
		243EF30F2736566C000E59ED /* JCEulaViewController.swift */ = {isa = PBXFileReference; fileEncoding = 4; lastKnownFileType = sourcecode.swift; path = JCEulaViewController.swift; sourceTree = "<group>"; };
		243EF3112736567F000E59ED /* EULA.pdf */ = {isa = PBXFileReference; lastKnownFileType = image.pdf; path = EULA.pdf; sourceTree = "<group>"; };
		24B72C6B2729897400DC1DB1 /* KATermSelectorView.swift */ = {isa = PBXFileReference; lastKnownFileType = sourcecode.swift; path = KATermSelectorView.swift; sourceTree = "<group>"; };
		24B72C6D2729898C00DC1DB1 /* KAClassDetailView.swift */ = {isa = PBXFileReference; lastKnownFileType = sourcecode.swift; path = KAClassDetailView.swift; sourceTree = "<group>"; };
		B00939FD27151D3200879AC5 /* UnderlineButton.swift */ = {isa = PBXFileReference; lastKnownFileType = sourcecode.swift; path = UnderlineButton.swift; sourceTree = "<group>"; };
		B0093A002715539E00879AC5 /* ScoreCollectionViewCell.swift */ = {isa = PBXFileReference; lastKnownFileType = sourcecode.swift; path = ScoreCollectionViewCell.swift; sourceTree = "<group>"; };
		B01AA9B026FF2ADD000D3E4A /* LoadingIndicatorView.swift */ = {isa = PBXFileReference; lastKnownFileType = sourcecode.swift; path = LoadingIndicatorView.swift; sourceTree = "<group>"; };
		B01AA9B626FF4C55000D3E4A /* JCLoginState.swift */ = {isa = PBXFileReference; lastKnownFileType = sourcecode.swift; path = JCLoginState.swift; sourceTree = "<group>"; };
		B02032C526FE05910048B6F6 /* StringExtension.swift */ = {isa = PBXFileReference; fileEncoding = 4; lastKnownFileType = sourcecode.swift; path = StringExtension.swift; sourceTree = "<group>"; };
		B02032C626FE05910048B6F6 /* ViewPlaceholder.swift */ = {isa = PBXFileReference; fileEncoding = 4; lastKnownFileType = sourcecode.swift; path = ViewPlaceholder.swift; sourceTree = "<group>"; };
		B02032C726FE05910048B6F6 /* ImageExtension.swift */ = {isa = PBXFileReference; fileEncoding = 4; lastKnownFileType = sourcecode.swift; path = ImageExtension.swift; sourceTree = "<group>"; };
		B02032C826FE05910048B6F6 /* ColorExtension.swift */ = {isa = PBXFileReference; fileEncoding = 4; lastKnownFileType = sourcecode.swift; path = ColorExtension.swift; sourceTree = "<group>"; };
		B02032C926FE05910048B6F6 /* ViewExtension.swift */ = {isa = PBXFileReference; fileEncoding = 4; lastKnownFileType = sourcecode.swift; path = ViewExtension.swift; sourceTree = "<group>"; };
		B02032CA26FE05910048B6F6 /* AvailabilityCheck.swift */ = {isa = PBXFileReference; fileEncoding = 4; lastKnownFileType = sourcecode.swift; path = AvailabilityCheck.swift; sourceTree = "<group>"; };
		B02032D226FE37C20048B6F6 /* DesignableView.swift */ = {isa = PBXFileReference; lastKnownFileType = sourcecode.swift; path = DesignableView.swift; sourceTree = "<group>"; };
		B02E4F1E2701BB7C00EA3DDB /* TVOption.swift */ = {isa = PBXFileReference; lastKnownFileType = sourcecode.swift; path = TVOption.swift; sourceTree = "<group>"; };
		B02EEEF426FDB2760010515A /* JavaClub.app */ = {isa = PBXFileReference; explicitFileType = wrapper.application; includeInIndex = 0; path = JavaClub.app; sourceTree = BUILT_PRODUCTS_DIR; };
		B02EEEF726FDB2760010515A /* AppDelegate.swift */ = {isa = PBXFileReference; lastKnownFileType = sourcecode.swift; path = AppDelegate.swift; sourceTree = "<group>"; };
		B02EEEF926FDB2760010515A /* SceneDelegate.swift */ = {isa = PBXFileReference; lastKnownFileType = sourcecode.swift; path = SceneDelegate.swift; sourceTree = "<group>"; };
		B02EEF0026FDB2780010515A /* Assets.xcassets */ = {isa = PBXFileReference; lastKnownFileType = folder.assetcatalog; path = Assets.xcassets; sourceTree = "<group>"; };
		B02EEF0326FDB2780010515A /* Base */ = {isa = PBXFileReference; lastKnownFileType = file.storyboard; name = Base; path = Base.lproj/LaunchScreen.storyboard; sourceTree = "<group>"; };
		B02EEF0526FDB2780010515A /* Info.plist */ = {isa = PBXFileReference; lastKnownFileType = text.plist.xml; path = Info.plist; sourceTree = "<group>"; };
		B02EEF1026FDB5760010515A /* JCTabBarController.swift */ = {isa = PBXFileReference; lastKnownFileType = sourcecode.swift; path = JCTabBarController.swift; sourceTree = "<group>"; };
		B02EEF2826FDC0A00010515A /* JCWebViewController.swift */ = {isa = PBXFileReference; lastKnownFileType = sourcecode.swift; path = JCWebViewController.swift; sourceTree = "<group>"; };
		B02EEF3D26FDD7BD0010515A /* JCLoginViewController.swift */ = {isa = PBXFileReference; lastKnownFileType = sourcecode.swift; path = JCLoginViewController.swift; sourceTree = "<group>"; };
		B02EEF4326FDDA870010515A /* JavaClub.storyboard */ = {isa = PBXFileReference; lastKnownFileType = file.storyboard; path = JavaClub.storyboard; sourceTree = "<group>"; };
		B035CAC5273105940097AE68 /* StrokeColorAnimation.swift */ = {isa = PBXFileReference; fileEncoding = 4; lastKnownFileType = sourcecode.swift; path = StrokeColorAnimation.swift; sourceTree = "<group>"; };
		B035CAC6273105940097AE68 /* ProgressShapeLayer.swift */ = {isa = PBXFileReference; fileEncoding = 4; lastKnownFileType = sourcecode.swift; path = ProgressShapeLayer.swift; sourceTree = "<group>"; };
		B035CAC7273105940097AE68 /* ProgressView.swift */ = {isa = PBXFileReference; fileEncoding = 4; lastKnownFileType = sourcecode.swift; path = ProgressView.swift; sourceTree = "<group>"; };
		B035CAC8273105950097AE68 /* RotationAnimation.swift */ = {isa = PBXFileReference; fileEncoding = 4; lastKnownFileType = sourcecode.swift; path = RotationAnimation.swift; sourceTree = "<group>"; };
		B035CAC9273105950097AE68 /* StrokeAnimation.swift */ = {isa = PBXFileReference; fileEncoding = 4; lastKnownFileType = sourcecode.swift; path = StrokeAnimation.swift; sourceTree = "<group>"; };
		B035CACF2731234F0097AE68 /* LocalizableTextField.swift */ = {isa = PBXFileReference; lastKnownFileType = sourcecode.swift; path = LocalizableTextField.swift; sourceTree = "<group>"; };
		B041668A272F75EB00117876 /* BAMainViewController.swift */ = {isa = PBXFileReference; lastKnownFileType = sourcecode.swift; path = BAMainViewController.swift; sourceTree = "<group>"; };
		B041668D272F762200117876 /* BaiAssistant.storyboard */ = {isa = PBXFileReference; lastKnownFileType = file.storyboard; path = BaiAssistant.storyboard; sourceTree = "<group>"; };
		B041668F272F7DAB00117876 /* BAAccountManager.swift */ = {isa = PBXFileReference; lastKnownFileType = sourcecode.swift; path = BAAccountManager.swift; sourceTree = "<group>"; };
		B0416691272F8BAA00117876 /* BAContentViewController.swift */ = {isa = PBXFileReference; lastKnownFileType = sourcecode.swift; path = BAContentViewController.swift; sourceTree = "<group>"; };
		B0416693272FB2A600117876 /* zh-Hans */ = {isa = PBXFileReference; lastKnownFileType = text.plist.strings; name = "zh-Hans"; path = "zh-Hans.lproj/Localizable.strings"; sourceTree = "<group>"; };
		B044E43B27191AFE0097D04B /* KAClassTableContentview.swift */ = {isa = PBXFileReference; lastKnownFileType = sourcecode.swift; path = KAClassTableContentview.swift; sourceTree = "<group>"; };
		B044E43D27191B2B0097D04B /* KAClassTableCell.swift */ = {isa = PBXFileReference; lastKnownFileType = sourcecode.swift; path = KAClassTableCell.swift; sourceTree = "<group>"; };
		B044E445271958490097D04B /* KAClassRealm.swift */ = {isa = PBXFileReference; lastKnownFileType = sourcecode.swift; path = KAClassRealm.swift; sourceTree = "<group>"; };
		B04C494E2717C05C00FBD9E7 /* KAEnrollmentViewController.swift */ = {isa = PBXFileReference; lastKnownFileType = sourcecode.swift; path = KAEnrollmentViewController.swift; sourceTree = "<group>"; };
		B04C49552717F42200FBD9E7 /* CVScoreContentConfiguration.swift */ = {isa = PBXFileReference; lastKnownFileType = sourcecode.swift; path = CVScoreContentConfiguration.swift; sourceTree = "<group>"; };
		B04C49572717F4AD00FBD9E7 /* CVScoreContentView.swift */ = {isa = PBXFileReference; lastKnownFileType = sourcecode.swift; path = CVScoreContentView.swift; sourceTree = "<group>"; };
		B04C49592718138F00FBD9E7 /* ScoreImageView.swift */ = {isa = PBXFileReference; lastKnownFileType = sourcecode.swift; path = ScoreImageView.swift; sourceTree = "<group>"; };
		B04FEE2D27113D750065FFB6 /* TappableViewCell.swift */ = {isa = PBXFileReference; lastKnownFileType = sourcecode.swift; path = TappableViewCell.swift; sourceTree = "<group>"; };
		B04FEE2F2711607A0065FFB6 /* TVSection.swift */ = {isa = PBXFileReference; lastKnownFileType = sourcecode.swift; path = TVSection.swift; sourceTree = "<group>"; };
		B04FEE31271168080065FFB6 /* SwitchTableViewCell.swift */ = {isa = PBXFileReference; lastKnownFileType = sourcecode.swift; path = SwitchTableViewCell.swift; sourceTree = "<group>"; };
		B04FEE3327116CC80065FFB6 /* StaticTableViewCell.swift */ = {isa = PBXFileReference; lastKnownFileType = sourcecode.swift; path = StaticTableViewCell.swift; sourceTree = "<group>"; };
		B05B0D75271D05E300F48D52 /* NoRotateNavigationController.swift */ = {isa = PBXFileReference; lastKnownFileType = sourcecode.swift; path = NoRotateNavigationController.swift; sourceTree = "<group>"; };
		B06F83FE2722BC4800069A23 /* KAClassTableObservable.swift */ = {isa = PBXFileReference; lastKnownFileType = sourcecode.swift; path = KAClassTableObservable.swift; sourceTree = "<group>"; };
		B07399BB270A98330020AEB8 /* BAAccount.swift */ = {isa = PBXFileReference; lastKnownFileType = sourcecode.swift; path = BAAccount.swift; sourceTree = "<group>"; };
		B07399BD270A99220020AEB8 /* BAScoreAdding.swift */ = {isa = PBXFileReference; lastKnownFileType = sourcecode.swift; path = BAScoreAdding.swift; sourceTree = "<group>"; };
		B07399BF270A99330020AEB8 /* BAScore.swift */ = {isa = PBXFileReference; lastKnownFileType = sourcecode.swift; path = BAScore.swift; sourceTree = "<group>"; };
		B07399C1270A99A70020AEB8 /* BAEvent.swift */ = {isa = PBXFileReference; lastKnownFileType = sourcecode.swift; path = BAEvent.swift; sourceTree = "<group>"; };
		B08CFF8E2733D727000E07A4 /* TappableButton.swift */ = {isa = PBXFileReference; lastKnownFileType = sourcecode.swift; path = TappableButton.swift; sourceTree = "<group>"; };
		B08F6FAD27003EEB0015B354 /* KALoginInfo.swift */ = {isa = PBXFileReference; fileEncoding = 4; lastKnownFileType = sourcecode.swift; path = KALoginInfo.swift; sourceTree = "<group>"; };
		B08F6FAE27003EEB0015B354 /* KAEnrollment.swift */ = {isa = PBXFileReference; fileEncoding = 4; lastKnownFileType = sourcecode.swift; path = KAEnrollment.swift; sourceTree = "<group>"; };
		B08F6FAF27003EEB0015B354 /* KAClass.swift */ = {isa = PBXFileReference; fileEncoding = 4; lastKnownFileType = sourcecode.swift; path = KAClass.swift; sourceTree = "<group>"; };
		B08F6FC227003F8C0015B354 /* ClassTableManager.swift */ = {isa = PBXFileReference; fileEncoding = 4; lastKnownFileType = sourcecode.swift; path = ClassTableManager.swift; sourceTree = "<group>"; };
		B08F6FC327003F8C0015B354 /* JCAccountManager.swift */ = {isa = PBXFileReference; fileEncoding = 4; lastKnownFileType = sourcecode.swift; path = JCAccountManager.swift; sourceTree = "<group>"; };
		B08F6FC827003FD60015B354 /* JCNoticeView.swift */ = {isa = PBXFileReference; fileEncoding = 4; lastKnownFileType = sourcecode.swift; path = JCNoticeView.swift; sourceTree = "<group>"; };
		B08F6FCB270040010015B354 /* JCLoginInfo.swift */ = {isa = PBXFileReference; fileEncoding = 4; lastKnownFileType = sourcecode.swift; path = JCLoginInfo.swift; sourceTree = "<group>"; };
		B08F6FCC270040010015B354 /* JCUser.swift */ = {isa = PBXFileReference; fileEncoding = 4; lastKnownFileType = sourcecode.swift; path = JCUser.swift; sourceTree = "<group>"; };
		B08F6FCF2700401E0015B354 /* STMainViewController.swift */ = {isa = PBXFileReference; lastKnownFileType = sourcecode.swift; path = STMainViewController.swift; sourceTree = "<group>"; };
		B08F6FD22700488F0015B354 /* Settings.storyboard */ = {isa = PBXFileReference; lastKnownFileType = file.storyboard; path = Settings.storyboard; sourceTree = "<group>"; };
		B08F6FD4270048B40015B354 /* STContentViewController.swift */ = {isa = PBXFileReference; lastKnownFileType = sourcecode.swift; path = STContentViewController.swift; sourceTree = "<group>"; };
		B0973FA22703FC0300E5C9C6 /* KAScoreViewController.swift */ = {isa = PBXFileReference; lastKnownFileType = sourcecode.swift; path = KAScoreViewController.swift; sourceTree = "<group>"; };
		B0973FA52703FE4200E5C9C6 /* KAScore.swift */ = {isa = PBXFileReference; lastKnownFileType = sourcecode.swift; path = KAScore.swift; sourceTree = "<group>"; };
		B0973FA927044BE500E5C9C6 /* KASection.swift */ = {isa = PBXFileReference; lastKnownFileType = sourcecode.swift; path = KASection.swift; sourceTree = "<group>"; };
		B0A5D9A0272A49D300A8E3EE /* JCDateManager.swift */ = {isa = PBXFileReference; lastKnownFileType = sourcecode.swift; path = JCDateManager.swift; sourceTree = "<group>"; };
		B0A5D9A3272A9CFE00A8E3EE /* NumberExtension.swift */ = {isa = PBXFileReference; lastKnownFileType = sourcecode.swift; path = NumberExtension.swift; sourceTree = "<group>"; };
		B0AF94FD272BE05A00671BF7 /* en */ = {isa = PBXFileReference; lastKnownFileType = text.plist.strings; name = en; path = en.lproj/Localizable.strings; sourceTree = "<group>"; };
		B0AF9503272BE88100671BF7 /* LocalizableLabel.swift */ = {isa = PBXFileReference; lastKnownFileType = sourcecode.swift; path = LocalizableLabel.swift; sourceTree = "<group>"; };
		B0B8434F270FE6F800C19B9B /* RefreshableScrollView.swift */ = {isa = PBXFileReference; lastKnownFileType = sourcecode.swift; path = RefreshableScrollView.swift; sourceTree = "<group>"; };
		B0B84351270FEB1700C19B9B /* KAContentViewController.swift */ = {isa = PBXFileReference; lastKnownFileType = sourcecode.swift; path = KAContentViewController.swift; sourceTree = "<group>"; };
		B0B84353270FEBE300C19B9B /* KAMainViewController.swift */ = {isa = PBXFileReference; lastKnownFileType = sourcecode.swift; path = KAMainViewController.swift; sourceTree = "<group>"; };
		B0B84356270FEC1B00C19B9B /* KcAssistant.storyboard */ = {isa = PBXFileReference; lastKnownFileType = file.storyboard; path = KcAssistant.storyboard; sourceTree = "<group>"; };
		B0B8435A271039F600C19B9B /* TappableItemView.swift */ = {isa = PBXFileReference; lastKnownFileType = sourcecode.swift; path = TappableItemView.swift; sourceTree = "<group>"; };
		B0BCD18327326D360075395B /* ProgressIndicator.swift */ = {isa = PBXFileReference; lastKnownFileType = sourcecode.swift; path = ProgressIndicator.swift; sourceTree = "<group>"; };
		B0CCEF0827140D6C001235E9 /* KABindingViewController.swift */ = {isa = PBXFileReference; lastKnownFileType = sourcecode.swift; path = KABindingViewController.swift; sourceTree = "<group>"; };
		B0CCEF0D27144425001235E9 /* JCCheckboxButton.swift */ = {isa = PBXFileReference; lastKnownFileType = sourcecode.swift; path = JCCheckboxButton.swift; sourceTree = "<group>"; };
		B0D3A18E27000AC80095229C /* JCMainViewController.swift */ = {isa = PBXFileReference; lastKnownFileType = sourcecode.swift; path = JCMainViewController.swift; sourceTree = "<group>"; };
		B0D62070273223DD0014F165 /* Spinner.swift */ = {isa = PBXFileReference; lastKnownFileType = sourcecode.swift; path = Spinner.swift; sourceTree = "<group>"; };
		B0EA83A62733B09C0028ADF8 /* BALoginViewController.swift */ = {isa = PBXFileReference; lastKnownFileType = sourcecode.swift; path = BALoginViewController.swift; sourceTree = "<group>"; };
		B0EFEB79272FD2D600CAA2AE /* BALoginInfo.swift */ = {isa = PBXFileReference; lastKnownFileType = sourcecode.swift; path = BALoginInfo.swift; sourceTree = "<group>"; };
		B0F900C9270300420056A016 /* ViewControllerExtension.swift */ = {isa = PBXFileReference; lastKnownFileType = sourcecode.swift; path = ViewControllerExtension.swift; sourceTree = "<group>"; };
/* End PBXFileReference section */

/* Begin PBXFrameworksBuildPhase section */
		B02EEEF126FDB2760010515A /* Frameworks */ = {
			isa = PBXFrameworksBuildPhase;
			buildActionMask = 2147483647;
			files = (
				B0CCEF0C27141EAB001235E9 /* DeviceKit in Frameworks */,
				B02EEF1A26FDB91E0010515A /* Kingfisher in Frameworks */,
				B02EEF1426FDB9030010515A /* Defaults in Frameworks */,
				B02EEF4126FDDA140010515A /* SnapKit in Frameworks */,
				B0093A0A27159E0E00879AC5 /* SwiftyRSA in Frameworks */,
				B02EEF2026FDBA300010515A /* SwiftyJSON in Frameworks */,
				B02EEF1726FDB9110010515A /* Alamofire in Frameworks */,
			);
			runOnlyForDeploymentPostprocessing = 0;
		};
/* End PBXFrameworksBuildPhase section */

/* Begin PBXGroup section */
		B00939FF27152C1F00879AC5 /* TableView */ = {
			isa = PBXGroup;
			children = (
				B02E4F1D2701BB6000EA3DDB /* Model */,
				B04FEE2D27113D750065FFB6 /* TappableViewCell.swift */,
				B04FEE31271168080065FFB6 /* SwitchTableViewCell.swift */,
				B04FEE3327116CC80065FFB6 /* StaticTableViewCell.swift */,
			);
			path = TableView;
			sourceTree = "<group>";
		};
		B01AA9B426FF421E000D3E4A /* Controller */ = {
			isa = PBXGroup;
			children = (
				B0D3A18E27000AC80095229C /* JCMainViewController.swift */,
				B02EEF3D26FDD7BD0010515A /* JCLoginViewController.swift */,
				B02EEF2826FDC0A00010515A /* JCWebViewController.swift */,
				243EF30F2736566C000E59ED /* JCEulaViewController.swift */,
			);
			path = Controller;
			sourceTree = "<group>";
		};
		B01AA9B526FF4C39000D3E4A /* ViewModel */ = {
			isa = PBXGroup;
			children = (
				B01AA9B626FF4C55000D3E4A /* JCLoginState.swift */,
			);
			path = ViewModel;
			sourceTree = "<group>";
		};
		B02032C426FE05760048B6F6 /* Components */ = {
			isa = PBXGroup;
			children = (
				B04C49502717DCE700FBD9E7 /* CollectionView */,
				B00939FF27152C1F00879AC5 /* TableView */,
				B0D3A181270000680095229C /* Manager */,
				B02032D126FE37B40048B6F6 /* View */,
				B0D3A1D127001A730095229C /* Extensions */,
			);
			path = Components;
			sourceTree = "<group>";
		};
		B02032D126FE37B40048B6F6 /* View */ = {
			isa = PBXGroup;
			children = (
				B035CAC4273105800097AE68 /* ProgressView */,
				B02032D226FE37C20048B6F6 /* DesignableView.swift */,
				B01AA9B026FF2ADD000D3E4A /* LoadingIndicatorView.swift */,
				B0B8434F270FE6F800C19B9B /* RefreshableScrollView.swift */,
				B0B8435A271039F600C19B9B /* TappableItemView.swift */,
				B00939FD27151D3200879AC5 /* UnderlineButton.swift */,
				B04C49592718138F00FBD9E7 /* ScoreImageView.swift */,
				B05B0D75271D05E300F48D52 /* NoRotateNavigationController.swift */,
				B0AF9503272BE88100671BF7 /* LocalizableLabel.swift */,
				B035CACF2731234F0097AE68 /* LocalizableTextField.swift */,
				B08CFF8E2733D727000E07A4 /* TappableButton.swift */,
			);
			path = View;
			sourceTree = "<group>";
		};
		B02E4F1D2701BB6000EA3DDB /* Model */ = {
			isa = PBXGroup;
			children = (
				B02E4F1E2701BB7C00EA3DDB /* TVOption.swift */,
				B04FEE2F2711607A0065FFB6 /* TVSection.swift */,
			);
			path = Model;
			sourceTree = "<group>";
		};
		B02E4F202701C35E00EA3DDB /* Controller */ = {
			isa = PBXGroup;
			children = (
				B08F6FCF2700401E0015B354 /* STMainViewController.swift */,
				B08F6FD4270048B40015B354 /* STContentViewController.swift */,
			);
			path = Controller;
			sourceTree = "<group>";
		};
		B02EEEEB26FDB2760010515A = {
			isa = PBXGroup;
			children = (
				B02EEEF626FDB2760010515A /* JavaClub */,
				B02EEEF526FDB2760010515A /* Products */,
			);
			sourceTree = "<group>";
		};
		B02EEEF526FDB2760010515A /* Products */ = {
			isa = PBXGroup;
			children = (
				B02EEEF426FDB2760010515A /* JavaClub.app */,
			);
			name = Products;
			sourceTree = "<group>";
		};
		B02EEEF626FDB2760010515A /* JavaClub */ = {
			isa = PBXGroup;
			children = (
				B02EEF0F26FDB5610010515A /* TabBar */,
				B02EEF2426FDBB190010515A /* HomePage */,
				B02EEF2526FDBB330010515A /* KcAssistant */,
				B02EEF2726FDC0810010515A /* BaiAssistant */,
				B02EEF2626FDC0730010515A /* Settings */,
				B02032C426FE05760048B6F6 /* Components */,
				B02EEF0B26FDB5140010515A /* Support Files */,
			);
			path = JavaClub;
			sourceTree = "<group>";
		};
		B02EEF0B26FDB5140010515A /* Support Files */ = {
			isa = PBXGroup;
			children = (
				B02EEEF726FDB2760010515A /* AppDelegate.swift */,
				B02EEEF926FDB2760010515A /* SceneDelegate.swift */,
				B02EEF0026FDB2780010515A /* Assets.xcassets */,
				B02EEF0226FDB2780010515A /* LaunchScreen.storyboard */,
				B02EEF0526FDB2780010515A /* Info.plist */,
				243EF3112736567F000E59ED /* EULA.pdf */,
				B0AF94FC272BE05A00671BF7 /* Localizable.strings */,
			);
			path = "Support Files";
			sourceTree = "<group>";
		};
		B02EEF0F26FDB5610010515A /* TabBar */ = {
			isa = PBXGroup;
			children = (
				B02EEF1026FDB5760010515A /* JCTabBarController.swift */,
			);
			path = TabBar;
			sourceTree = "<group>";
		};
		B02EEF2426FDBB190010515A /* HomePage */ = {
			isa = PBXGroup;
			children = (
				B01AA9B426FF421E000D3E4A /* Controller */,
				B0D3A1AB270015E50095229C /* View */,
				B01AA9B526FF4C39000D3E4A /* ViewModel */,
				B0D3A188270000890095229C /* Model */,
				B02EEF4226FDDA6A0010515A /* Resource */,
			);
			path = HomePage;
			sourceTree = "<group>";
		};
		B02EEF2526FDBB330010515A /* KcAssistant */ = {
			isa = PBXGroup;
			children = (
				B0973FA42703FC3B00E5C9C6 /* Controller */,
				B06F83FD2722BC2900069A23 /* ViewModel */,
				B044E43A27191AE90097D04B /* View */,
				B0D3A17A2700004D0095229C /* Model */,
				B0B84355270FEBFF00C19B9B /* Resource */,
			);
			path = KcAssistant;
			sourceTree = "<group>";
		};
		B02EEF2626FDC0730010515A /* Settings */ = {
			isa = PBXGroup;
			children = (
				B02E4F202701C35E00EA3DDB /* Controller */,
				B08F6FD1270048760015B354 /* Resource */,
			);
			path = Settings;
			sourceTree = "<group>";
		};
		B02EEF2726FDC0810010515A /* BaiAssistant */ = {
			isa = PBXGroup;
			children = (
				B0416689272F75CC00117876 /* Controller */,
				B07399BA270A98100020AEB8 /* Model */,
				B041668C272F75FE00117876 /* Resource */,
			);
			path = BaiAssistant;
			sourceTree = "<group>";
		};
		B02EEF4226FDDA6A0010515A /* Resource */ = {
			isa = PBXGroup;
			children = (
				B02EEF4326FDDA870010515A /* JavaClub.storyboard */,
			);
			path = Resource;
			sourceTree = "<group>";
		};
		B035CAC4273105800097AE68 /* ProgressView */ = {
			isa = PBXGroup;
			children = (
				B035CAC7273105940097AE68 /* ProgressView.swift */,
				B035CAC6273105940097AE68 /* ProgressShapeLayer.swift */,
				B035CAC8273105950097AE68 /* RotationAnimation.swift */,
				B035CAC9273105950097AE68 /* StrokeAnimation.swift */,
				B035CAC5273105940097AE68 /* StrokeColorAnimation.swift */,
				B0BCD18327326D360075395B /* ProgressIndicator.swift */,
				B0D62070273223DD0014F165 /* Spinner.swift */,
			);
			path = ProgressView;
			sourceTree = "<group>";
		};
		B0416689272F75CC00117876 /* Controller */ = {
			isa = PBXGroup;
			children = (
				B041668A272F75EB00117876 /* BAMainViewController.swift */,
				B0416691272F8BAA00117876 /* BAContentViewController.swift */,
				B0EA83A62733B09C0028ADF8 /* BALoginViewController.swift */,
			);
			path = Controller;
			sourceTree = "<group>";
		};
		B041668C272F75FE00117876 /* Resource */ = {
			isa = PBXGroup;
			children = (
				B041668D272F762200117876 /* BaiAssistant.storyboard */,
			);
			path = Resource;
			sourceTree = "<group>";
		};
		B044E43927191ADC0097D04B /* ClassTable */ = {
			isa = PBXGroup;
			children = (
				B044E43B27191AFE0097D04B /* KAClassTableContentview.swift */,
				B044E43D27191B2B0097D04B /* KAClassTableCell.swift */,
				24B72C6B2729897400DC1DB1 /* KATermSelectorView.swift */,
				24B72C6D2729898C00DC1DB1 /* KAClassDetailView.swift */,
			);
			path = ClassTable;
			sourceTree = "<group>";
		};
		B044E43A27191AE90097D04B /* View */ = {
			isa = PBXGroup;
			children = (
				B044E43927191ADC0097D04B /* ClassTable */,
			);
			path = View;
			sourceTree = "<group>";
		};
		B044E444271957C20097D04B /* Realm */ = {
			isa = PBXGroup;
			children = (
				B044E445271958490097D04B /* KAClassRealm.swift */,
			);
			path = Realm;
			sourceTree = "<group>";
		};
		B04C49502717DCE700FBD9E7 /* CollectionView */ = {
			isa = PBXGroup;
			children = (
				B04C49522717EF6D00FBD9E7 /* Configuration */,
				B04C49572717F4AD00FBD9E7 /* CVScoreContentView.swift */,
				B0093A002715539E00879AC5 /* ScoreCollectionViewCell.swift */,
			);
			path = CollectionView;
			sourceTree = "<group>";
		};
		B04C49522717EF6D00FBD9E7 /* Configuration */ = {
			isa = PBXGroup;
			children = (
				B04C49552717F42200FBD9E7 /* CVScoreContentConfiguration.swift */,
			);
			path = Configuration;
			sourceTree = "<group>";
		};
		B06F83FD2722BC2900069A23 /* ViewModel */ = {
			isa = PBXGroup;
			children = (
				B06F83FE2722BC4800069A23 /* KAClassTableObservable.swift */,
			);
			path = ViewModel;
			sourceTree = "<group>";
		};
		B07399BA270A98100020AEB8 /* Model */ = {
			isa = PBXGroup;
			children = (
				B0EFEB79272FD2D600CAA2AE /* BALoginInfo.swift */,
				B07399BB270A98330020AEB8 /* BAAccount.swift */,
				B07399BD270A99220020AEB8 /* BAScoreAdding.swift */,
				B07399BF270A99330020AEB8 /* BAScore.swift */,
				B07399C1270A99A70020AEB8 /* BAEvent.swift */,
			);
			path = Model;
			sourceTree = "<group>";
		};
		B08F6FD1270048760015B354 /* Resource */ = {
			isa = PBXGroup;
			children = (
				B08F6FD22700488F0015B354 /* Settings.storyboard */,
			);
			path = Resource;
			sourceTree = "<group>";
		};
		B0973FA42703FC3B00E5C9C6 /* Controller */ = {
			isa = PBXGroup;
			children = (
				B0B84353270FEBE300C19B9B /* KAMainViewController.swift */,
				B0B84351270FEB1700C19B9B /* KAContentViewController.swift */,
				B0CCEF0827140D6C001235E9 /* KABindingViewController.swift */,
				B0973FA22703FC0300E5C9C6 /* KAScoreViewController.swift */,
				B04C494E2717C05C00FBD9E7 /* KAEnrollmentViewController.swift */,
			);
			path = Controller;
			sourceTree = "<group>";
		};
		B0B84355270FEBFF00C19B9B /* Resource */ = {
			isa = PBXGroup;
			children = (
				B0B84356270FEC1B00C19B9B /* KcAssistant.storyboard */,
			);
			path = Resource;
			sourceTree = "<group>";
		};
		B0D3A17A2700004D0095229C /* Model */ = {
			isa = PBXGroup;
			children = (
				B044E444271957C20097D04B /* Realm */,
				B08F6FAD27003EEB0015B354 /* KALoginInfo.swift */,
				B08F6FAF27003EEB0015B354 /* KAClass.swift */,
				B0973FA927044BE500E5C9C6 /* KASection.swift */,
				B0973FA52703FE4200E5C9C6 /* KAScore.swift */,
				B08F6FAE27003EEB0015B354 /* KAEnrollment.swift */,
			);
			path = Model;
			sourceTree = "<group>";
		};
		B0D3A181270000680095229C /* Manager */ = {
			isa = PBXGroup;
			children = (
				B08F6FC327003F8C0015B354 /* JCAccountManager.swift */,
				B041668F272F7DAB00117876 /* BAAccountManager.swift */,
				B08F6FC227003F8C0015B354 /* ClassTableManager.swift */,
				B0A5D9A0272A49D300A8E3EE /* JCDateManager.swift */,
			);
			path = Manager;
			sourceTree = "<group>";
		};
		B0D3A188270000890095229C /* Model */ = {
			isa = PBXGroup;
			children = (
				B08F6FCB270040010015B354 /* JCLoginInfo.swift */,
				B08F6FCC270040010015B354 /* JCUser.swift */,
			);
			path = Model;
			sourceTree = "<group>";
		};
		B0D3A1AB270015E50095229C /* View */ = {
			isa = PBXGroup;
			children = (
				B08F6FC827003FD60015B354 /* JCNoticeView.swift */,
				B0CCEF0D27144425001235E9 /* JCCheckboxButton.swift */,
			);
			path = View;
			sourceTree = "<group>";
		};
		B0D3A1D127001A730095229C /* Extensions */ = {
			isa = PBXGroup;
			children = (
				B02032CA26FE05910048B6F6 /* AvailabilityCheck.swift */,
				B02032C826FE05910048B6F6 /* ColorExtension.swift */,
				B02032C626FE05910048B6F6 /* ViewPlaceholder.swift */,
				B02032C726FE05910048B6F6 /* ImageExtension.swift */,
				B02032C526FE05910048B6F6 /* StringExtension.swift */,
				B02032C926FE05910048B6F6 /* ViewExtension.swift */,
				B0F900C9270300420056A016 /* ViewControllerExtension.swift */,
				B0A5D9A3272A9CFE00A8E3EE /* NumberExtension.swift */,
			);
			path = Extensions;
			sourceTree = "<group>";
		};
/* End PBXGroup section */

/* Begin PBXNativeTarget section */
		B02EEEF326FDB2760010515A /* JavaClub */ = {
			isa = PBXNativeTarget;
			buildConfigurationList = B02EEF0826FDB2780010515A /* Build configuration list for PBXNativeTarget "JavaClub" */;
			buildPhases = (
				B02EEEF026FDB2760010515A /* Sources */,
				B02EEEF126FDB2760010515A /* Frameworks */,
				B02EEEF226FDB2760010515A /* Resources */,
			);
			buildRules = (
			);
			dependencies = (
			);
			name = JavaClub;
			packageProductDependencies = (
				B02EEF1326FDB9030010515A /* Defaults */,
				B02EEF1626FDB9110010515A /* Alamofire */,
				B02EEF1926FDB91E0010515A /* Kingfisher */,
				B02EEF1F26FDBA300010515A /* SwiftyJSON */,
				B02EEF4026FDDA140010515A /* SnapKit */,
				B0CCEF0B27141EAB001235E9 /* DeviceKit */,
				B0093A0927159E0E00879AC5 /* SwiftyRSA */,
			);
			productName = JavaClub;
			productReference = B02EEEF426FDB2760010515A /* JavaClub.app */;
			productType = "com.apple.product-type.application";
		};
/* End PBXNativeTarget section */

/* Begin PBXProject section */
		B02EEEEC26FDB2760010515A /* Project object */ = {
			isa = PBXProject;
			attributes = {
				BuildIndependentTargetsInParallel = 1;
				LastSwiftUpdateCheck = 1300;
				LastUpgradeCheck = 1300;
				TargetAttributes = {
					B02EEEF326FDB2760010515A = {
						CreatedOnToolsVersion = 13.0;
					};
				};
			};
			buildConfigurationList = B02EEEEF26FDB2760010515A /* Build configuration list for PBXProject "JavaClub" */;
			compatibilityVersion = "Xcode 13.0";
			developmentRegion = en;
			hasScannedForEncodings = 0;
			knownRegions = (
				en,
				Base,
				"zh-Hans",
			);
			mainGroup = B02EEEEB26FDB2760010515A;
			packageReferences = (
				B02EEF1226FDB9030010515A /* XCRemoteSwiftPackageReference "Defaults" */,
				B02EEF1526FDB9110010515A /* XCRemoteSwiftPackageReference "Alamofire" */,
				B02EEF1826FDB91E0010515A /* XCRemoteSwiftPackageReference "Kingfisher" */,
				B02EEF1E26FDBA300010515A /* XCRemoteSwiftPackageReference "SwiftyJSON" */,
				B02EEF3F26FDDA140010515A /* XCRemoteSwiftPackageReference "SnapKit" */,
				B0CCEF0A27141EAB001235E9 /* XCRemoteSwiftPackageReference "DeviceKit" */,
				B0093A0827159E0E00879AC5 /* XCRemoteSwiftPackageReference "SwiftyRSA" */,
			);
			productRefGroup = B02EEEF526FDB2760010515A /* Products */;
			projectDirPath = "";
			projectRoot = "";
			targets = (
				B02EEEF326FDB2760010515A /* JavaClub */,
			);
		};
/* End PBXProject section */

/* Begin PBXResourcesBuildPhase section */
		B02EEEF226FDB2760010515A /* Resources */ = {
			isa = PBXResourcesBuildPhase;
			buildActionMask = 2147483647;
			files = (
				B041668E272F762200117876 /* BaiAssistant.storyboard in Resources */,
				B0B84357270FEC1B00C19B9B /* KcAssistant.storyboard in Resources */,
				B0AF94FE272BE05A00671BF7 /* Localizable.strings in Resources */,
				B02EEF4426FDDA870010515A /* JavaClub.storyboard in Resources */,
				B02EEF0426FDB2780010515A /* LaunchScreen.storyboard in Resources */,
				B02EEF0126FDB2780010515A /* Assets.xcassets in Resources */,
				B08F6FD32700488F0015B354 /* Settings.storyboard in Resources */,
				243EF3122736567F000E59ED /* EULA.pdf in Resources */,
			);
			runOnlyForDeploymentPostprocessing = 0;
		};
/* End PBXResourcesBuildPhase section */

/* Begin PBXSourcesBuildPhase section */
		B02EEEF026FDB2760010515A /* Sources */ = {
			isa = PBXSourcesBuildPhase;
			buildActionMask = 2147483647;
			files = (
				B035CACB273105950097AE68 /* ProgressShapeLayer.swift in Sources */,
				B035CACA273105950097AE68 /* StrokeColorAnimation.swift in Sources */,
				B08F6FCD270040010015B354 /* JCLoginInfo.swift in Sources */,
				B02EEEF826FDB2760010515A /* AppDelegate.swift in Sources */,
				B0B84352270FEB1700C19B9B /* KAContentViewController.swift in Sources */,
				B0B8435B271039F600C19B9B /* TappableItemView.swift in Sources */,
				B0D3A18F27000AC80095229C /* JCMainViewController.swift in Sources */,
				B0CCEF0927140D6C001235E9 /* KABindingViewController.swift in Sources */,
				B08F6FCE270040010015B354 /* JCUser.swift in Sources */,
				B08F6FD02700401E0015B354 /* STMainViewController.swift in Sources */,
				B0D62071273223DD0014F165 /* Spinner.swift in Sources */,
				B08F6FCA27003FD60015B354 /* JCNoticeView.swift in Sources */,
				B04C49582717F4AD00FBD9E7 /* CVScoreContentView.swift in Sources */,
				B02032CE26FE05910048B6F6 /* ColorExtension.swift in Sources */,
				B08F6FC527003F8C0015B354 /* ClassTableManager.swift in Sources */,
				B0EA83A72733B09C0028ADF8 /* BALoginViewController.swift in Sources */,
				B02EEF2926FDC0A00010515A /* JCWebViewController.swift in Sources */,
				B04FEE2E27113D750065FFB6 /* TappableViewCell.swift in Sources */,
				B035CAD02731234F0097AE68 /* LocalizableTextField.swift in Sources */,
				B041668B272F75EB00117876 /* BAMainViewController.swift in Sources */,
				B0EFEB7A272FD2D600CAA2AE /* BALoginInfo.swift in Sources */,
				B035CACD273105950097AE68 /* RotationAnimation.swift in Sources */,
				B07399C2270A99A70020AEB8 /* BAEvent.swift in Sources */,
				24B72C6E2729898C00DC1DB1 /* KAClassDetailView.swift in Sources */,
				B04C49562717F42200FBD9E7 /* CVScoreContentConfiguration.swift in Sources */,
				B01AA9B126FF2ADD000D3E4A /* LoadingIndicatorView.swift in Sources */,
				B04C495A2718138F00FBD9E7 /* ScoreImageView.swift in Sources */,
				B035CACE273105950097AE68 /* StrokeAnimation.swift in Sources */,
				B02EEEFA26FDB2760010515A /* SceneDelegate.swift in Sources */,
				B0BCD18427326D360075395B /* ProgressIndicator.swift in Sources */,
				B0416692272F8BAA00117876 /* BAContentViewController.swift in Sources */,
				B07399BE270A99220020AEB8 /* BAScoreAdding.swift in Sources */,
				B02032CB26FE05910048B6F6 /* StringExtension.swift in Sources */,
				B0CCEF0E27144425001235E9 /* JCCheckboxButton.swift in Sources */,
				B08F6FB227003EEC0015B354 /* KAClass.swift in Sources */,
				B02EEF1126FDB5760010515A /* JCTabBarController.swift in Sources */,
				B02032D326FE37C20048B6F6 /* DesignableView.swift in Sources */,
				B0A5D9A1272A49D300A8E3EE /* JCDateManager.swift in Sources */,
				B02E4F1F2701BB7C00EA3DDB /* TVOption.swift in Sources */,
				B02032CC26FE05910048B6F6 /* ViewPlaceholder.swift in Sources */,
				B035CACC273105950097AE68 /* ProgressView.swift in Sources */,
				B0973FA62703FE4200E5C9C6 /* KAScore.swift in Sources */,
				B08F6FC627003F8C0015B354 /* JCAccountManager.swift in Sources */,
				B02032D026FE05910048B6F6 /* AvailabilityCheck.swift in Sources */,
				B0B84350270FE6F800C19B9B /* RefreshableScrollView.swift in Sources */,
				B04FEE3427116CC80065FFB6 /* StaticTableViewCell.swift in Sources */,
				B02EEF3E26FDD7BD0010515A /* JCLoginViewController.swift in Sources */,
				B08F6FB027003EEC0015B354 /* KALoginInfo.swift in Sources */,
				B08F6FB127003EEC0015B354 /* KAEnrollment.swift in Sources */,
				B044E43E27191B2B0097D04B /* KAClassTableCell.swift in Sources */,
				B044E43C27191AFE0097D04B /* KAClassTableContentview.swift in Sources */,
				B05B0D76271D05E300F48D52 /* NoRotateNavigationController.swift in Sources */,
				B02032CD26FE05910048B6F6 /* ImageExtension.swift in Sources */,
				243EF3102736566C000E59ED /* JCEulaViewController.swift in Sources */,
				B0416690272F7DAB00117876 /* BAAccountManager.swift in Sources */,
				B0B84354270FEBE300C19B9B /* KAMainViewController.swift in Sources */,
				B0A5D9A4272A9CFE00A8E3EE /* NumberExtension.swift in Sources */,
				B00939FE27151D3200879AC5 /* UnderlineButton.swift in Sources */,
				B02032CF26FE05910048B6F6 /* ViewExtension.swift in Sources */,
				B01AA9B726FF4C55000D3E4A /* JCLoginState.swift in Sources */,
				B06F83FF2722BC4800069A23 /* KAClassTableObservable.swift in Sources */,
				B0F900CA270300420056A016 /* ViewControllerExtension.swift in Sources */,
				B0093A012715539E00879AC5 /* ScoreCollectionViewCell.swift in Sources */,
				B08CFF8F2733D727000E07A4 /* TappableButton.swift in Sources */,
				24B72C6C2729897400DC1DB1 /* KATermSelectorView.swift in Sources */,
				B0AF9504272BE88100671BF7 /* LocalizableLabel.swift in Sources */,
				B0973FAA27044BE500E5C9C6 /* KASection.swift in Sources */,
				B0973FA32703FC0300E5C9C6 /* KAScoreViewController.swift in Sources */,
				B08F6FD5270048B40015B354 /* STContentViewController.swift in Sources */,
				B04FEE32271168080065FFB6 /* SwitchTableViewCell.swift in Sources */,
				B07399C0270A99330020AEB8 /* BAScore.swift in Sources */,
				B04C494F2717C05C00FBD9E7 /* KAEnrollmentViewController.swift in Sources */,
				B04FEE302711607A0065FFB6 /* TVSection.swift in Sources */,
				B07399BC270A98330020AEB8 /* BAAccount.swift in Sources */,
				B044E446271958490097D04B /* KAClassRealm.swift in Sources */,
			);
			runOnlyForDeploymentPostprocessing = 0;
		};
/* End PBXSourcesBuildPhase section */

/* Begin PBXVariantGroup section */
		B02EEF0226FDB2780010515A /* LaunchScreen.storyboard */ = {
			isa = PBXVariantGroup;
			children = (
				B02EEF0326FDB2780010515A /* Base */,
			);
			name = LaunchScreen.storyboard;
			sourceTree = "<group>";
		};
		B0AF94FC272BE05A00671BF7 /* Localizable.strings */ = {
			isa = PBXVariantGroup;
			children = (
				B0AF94FD272BE05A00671BF7 /* en */,
				B0416693272FB2A600117876 /* zh-Hans */,
			);
			name = Localizable.strings;
			sourceTree = "<group>";
		};
/* End PBXVariantGroup section */

/* Begin XCBuildConfiguration section */
		B02EEF0626FDB2780010515A /* Debug */ = {
			isa = XCBuildConfiguration;
			buildSettings = {
				ALWAYS_SEARCH_USER_PATHS = NO;
				CLANG_ANALYZER_LOCALIZABILITY_NONLOCALIZED = YES;
				CLANG_ANALYZER_NONNULL = YES;
				CLANG_ANALYZER_NUMBER_OBJECT_CONVERSION = YES_AGGRESSIVE;
				CLANG_CXX_LANGUAGE_STANDARD = "gnu++17";
				CLANG_CXX_LIBRARY = "libc++";
				CLANG_ENABLE_MODULES = YES;
				CLANG_ENABLE_OBJC_ARC = YES;
				CLANG_ENABLE_OBJC_WEAK = YES;
				CLANG_WARN_BLOCK_CAPTURE_AUTORELEASING = YES;
				CLANG_WARN_BOOL_CONVERSION = YES;
				CLANG_WARN_COMMA = YES;
				CLANG_WARN_CONSTANT_CONVERSION = YES;
				CLANG_WARN_DEPRECATED_OBJC_IMPLEMENTATIONS = YES;
				CLANG_WARN_DIRECT_OBJC_ISA_USAGE = YES_ERROR;
				CLANG_WARN_DOCUMENTATION_COMMENTS = YES;
				CLANG_WARN_EMPTY_BODY = YES;
				CLANG_WARN_ENUM_CONVERSION = YES;
				CLANG_WARN_INFINITE_RECURSION = YES;
				CLANG_WARN_INT_CONVERSION = YES;
				CLANG_WARN_NON_LITERAL_NULL_CONVERSION = YES;
				CLANG_WARN_OBJC_IMPLICIT_RETAIN_SELF = YES;
				CLANG_WARN_OBJC_LITERAL_CONVERSION = YES;
				CLANG_WARN_OBJC_ROOT_CLASS = YES_ERROR;
				CLANG_WARN_QUOTED_INCLUDE_IN_FRAMEWORK_HEADER = YES;
				CLANG_WARN_RANGE_LOOP_ANALYSIS = YES;
				CLANG_WARN_STRICT_PROTOTYPES = YES;
				CLANG_WARN_SUSPICIOUS_MOVE = YES;
				CLANG_WARN_UNGUARDED_AVAILABILITY = YES_AGGRESSIVE;
				CLANG_WARN_UNREACHABLE_CODE = YES;
				CLANG_WARN__DUPLICATE_METHOD_MATCH = YES;
				COPY_PHASE_STRIP = NO;
				DEBUG_INFORMATION_FORMAT = dwarf;
				ENABLE_STRICT_OBJC_MSGSEND = YES;
				ENABLE_TESTABILITY = YES;
				GCC_C_LANGUAGE_STANDARD = gnu11;
				GCC_DYNAMIC_NO_PIC = NO;
				GCC_NO_COMMON_BLOCKS = YES;
				GCC_OPTIMIZATION_LEVEL = 0;
				GCC_PREPROCESSOR_DEFINITIONS = (
					"DEBUG=1",
					"$(inherited)",
				);
				GCC_WARN_64_TO_32_BIT_CONVERSION = YES;
				GCC_WARN_ABOUT_RETURN_TYPE = YES_ERROR;
				GCC_WARN_UNDECLARED_SELECTOR = YES;
				GCC_WARN_UNINITIALIZED_AUTOS = YES_AGGRESSIVE;
				GCC_WARN_UNUSED_FUNCTION = YES;
				GCC_WARN_UNUSED_VARIABLE = YES;
				IPHONEOS_DEPLOYMENT_TARGET = 14.0;
				MTL_ENABLE_DEBUG_INFO = INCLUDE_SOURCE;
				MTL_FAST_MATH = YES;
				ONLY_ACTIVE_ARCH = YES;
				SDKROOT = iphoneos;
				SWIFT_ACTIVE_COMPILATION_CONDITIONS = DEBUG;
				SWIFT_OPTIMIZATION_LEVEL = "-Onone";
			};
			name = Debug;
		};
		B02EEF0726FDB2780010515A /* Release */ = {
			isa = XCBuildConfiguration;
			buildSettings = {
				ALWAYS_SEARCH_USER_PATHS = NO;
				CLANG_ANALYZER_LOCALIZABILITY_NONLOCALIZED = YES;
				CLANG_ANALYZER_NONNULL = YES;
				CLANG_ANALYZER_NUMBER_OBJECT_CONVERSION = YES_AGGRESSIVE;
				CLANG_CXX_LANGUAGE_STANDARD = "gnu++17";
				CLANG_CXX_LIBRARY = "libc++";
				CLANG_ENABLE_MODULES = YES;
				CLANG_ENABLE_OBJC_ARC = YES;
				CLANG_ENABLE_OBJC_WEAK = YES;
				CLANG_WARN_BLOCK_CAPTURE_AUTORELEASING = YES;
				CLANG_WARN_BOOL_CONVERSION = YES;
				CLANG_WARN_COMMA = YES;
				CLANG_WARN_CONSTANT_CONVERSION = YES;
				CLANG_WARN_DEPRECATED_OBJC_IMPLEMENTATIONS = YES;
				CLANG_WARN_DIRECT_OBJC_ISA_USAGE = YES_ERROR;
				CLANG_WARN_DOCUMENTATION_COMMENTS = YES;
				CLANG_WARN_EMPTY_BODY = YES;
				CLANG_WARN_ENUM_CONVERSION = YES;
				CLANG_WARN_INFINITE_RECURSION = YES;
				CLANG_WARN_INT_CONVERSION = YES;
				CLANG_WARN_NON_LITERAL_NULL_CONVERSION = YES;
				CLANG_WARN_OBJC_IMPLICIT_RETAIN_SELF = YES;
				CLANG_WARN_OBJC_LITERAL_CONVERSION = YES;
				CLANG_WARN_OBJC_ROOT_CLASS = YES_ERROR;
				CLANG_WARN_QUOTED_INCLUDE_IN_FRAMEWORK_HEADER = YES;
				CLANG_WARN_RANGE_LOOP_ANALYSIS = YES;
				CLANG_WARN_STRICT_PROTOTYPES = YES;
				CLANG_WARN_SUSPICIOUS_MOVE = YES;
				CLANG_WARN_UNGUARDED_AVAILABILITY = YES_AGGRESSIVE;
				CLANG_WARN_UNREACHABLE_CODE = YES;
				CLANG_WARN__DUPLICATE_METHOD_MATCH = YES;
				COPY_PHASE_STRIP = NO;
				DEBUG_INFORMATION_FORMAT = "dwarf-with-dsym";
				ENABLE_NS_ASSERTIONS = NO;
				ENABLE_STRICT_OBJC_MSGSEND = YES;
				GCC_C_LANGUAGE_STANDARD = gnu11;
				GCC_NO_COMMON_BLOCKS = YES;
				GCC_WARN_64_TO_32_BIT_CONVERSION = YES;
				GCC_WARN_ABOUT_RETURN_TYPE = YES_ERROR;
				GCC_WARN_UNDECLARED_SELECTOR = YES;
				GCC_WARN_UNINITIALIZED_AUTOS = YES_AGGRESSIVE;
				GCC_WARN_UNUSED_FUNCTION = YES;
				GCC_WARN_UNUSED_VARIABLE = YES;
				IPHONEOS_DEPLOYMENT_TARGET = 14.0;
				MTL_ENABLE_DEBUG_INFO = NO;
				MTL_FAST_MATH = YES;
				SDKROOT = iphoneos;
				SWIFT_COMPILATION_MODE = wholemodule;
				SWIFT_OPTIMIZATION_LEVEL = "-O";
				VALIDATE_PRODUCT = YES;
			};
			name = Release;
		};
		B02EEF0926FDB2780010515A /* Debug */ = {
			isa = XCBuildConfiguration;
			buildSettings = {
				ASSETCATALOG_COMPILER_APPICON_NAME = AppIcon;
				ASSETCATALOG_COMPILER_GLOBAL_ACCENT_COLOR_NAME = AccentColor;
				CODE_SIGN_STYLE = Automatic;
				CURRENT_PROJECT_VERSION = 1334;
				DEVELOPMENT_TEAM = S6ZX968578;
				GENERATE_INFOPLIST_FILE = YES;
				INFOPLIST_FILE = "JavaClub/Support Files/Info.plist";
				INFOPLIST_KEY_UIApplicationSupportsIndirectInputEvents = YES;
				INFOPLIST_KEY_UILaunchStoryboardName = LaunchScreen;
				INFOPLIST_KEY_UISupportedInterfaceOrientations = UIInterfaceOrientationPortrait;
				INFOPLIST_KEY_UISupportedInterfaceOrientations_iPad = "UIInterfaceOrientationPortrait UIInterfaceOrientationPortraitUpsideDown UIInterfaceOrientationLandscapeLeft UIInterfaceOrientationLandscapeRight";
				INFOPLIST_KEY_UISupportedInterfaceOrientations_iPhone = "UIInterfaceOrientationPortrait UIInterfaceOrientationLandscapeLeft UIInterfaceOrientationLandscapeRight";
				IPHONEOS_DEPLOYMENT_TARGET = 14.0;
				LD_RUNPATH_SEARCH_PATHS = (
					"$(inherited)",
					"@executable_path/Frameworks",
				);
				MARKETING_VERSION = 1.1;
				PRODUCT_BUNDLE_IDENTIFIER = com.RoyRao.JavaClub;
				PRODUCT_NAME = "$(TARGET_NAME)";
				SWIFT_EMIT_LOC_STRINGS = YES;
				SWIFT_VERSION = 5.0;
				TARGETED_DEVICE_FAMILY = 1;
			};
			name = Debug;
		};
		B02EEF0A26FDB2780010515A /* Release */ = {
			isa = XCBuildConfiguration;
			buildSettings = {
				ASSETCATALOG_COMPILER_APPICON_NAME = AppIcon;
				ASSETCATALOG_COMPILER_GLOBAL_ACCENT_COLOR_NAME = AccentColor;
				CODE_SIGN_STYLE = Automatic;
				CURRENT_PROJECT_VERSION = 1334;
				DEVELOPMENT_TEAM = S6ZX968578;
				GENERATE_INFOPLIST_FILE = YES;
				INFOPLIST_FILE = "JavaClub/Support Files/Info.plist";
				INFOPLIST_KEY_UIApplicationSupportsIndirectInputEvents = YES;
				INFOPLIST_KEY_UILaunchStoryboardName = LaunchScreen;
				INFOPLIST_KEY_UISupportedInterfaceOrientations = UIInterfaceOrientationPortrait;
				INFOPLIST_KEY_UISupportedInterfaceOrientations_iPad = "UIInterfaceOrientationPortrait UIInterfaceOrientationPortraitUpsideDown UIInterfaceOrientationLandscapeLeft UIInterfaceOrientationLandscapeRight";
				INFOPLIST_KEY_UISupportedInterfaceOrientations_iPhone = "UIInterfaceOrientationPortrait UIInterfaceOrientationLandscapeLeft UIInterfaceOrientationLandscapeRight";
				IPHONEOS_DEPLOYMENT_TARGET = 14.0;
				LD_RUNPATH_SEARCH_PATHS = (
					"$(inherited)",
					"@executable_path/Frameworks",
				);
				MARKETING_VERSION = 1.1;
				PRODUCT_BUNDLE_IDENTIFIER = com.RoyRao.JavaClub;
				PRODUCT_NAME = "$(TARGET_NAME)";
				SWIFT_EMIT_LOC_STRINGS = YES;
				SWIFT_VERSION = 5.0;
				TARGETED_DEVICE_FAMILY = 1;
			};
			name = Release;
		};
/* End XCBuildConfiguration section */

/* Begin XCConfigurationList section */
		B02EEEEF26FDB2760010515A /* Build configuration list for PBXProject "JavaClub" */ = {
			isa = XCConfigurationList;
			buildConfigurations = (
				B02EEF0626FDB2780010515A /* Debug */,
				B02EEF0726FDB2780010515A /* Release */,
			);
			defaultConfigurationIsVisible = 0;
			defaultConfigurationName = Release;
		};
		B02EEF0826FDB2780010515A /* Build configuration list for PBXNativeTarget "JavaClub" */ = {
			isa = XCConfigurationList;
			buildConfigurations = (
				B02EEF0926FDB2780010515A /* Debug */,
				B02EEF0A26FDB2780010515A /* Release */,
			);
			defaultConfigurationIsVisible = 0;
			defaultConfigurationName = Release;
		};
/* End XCConfigurationList section */

/* Begin XCRemoteSwiftPackageReference section */
		B0093A0827159E0E00879AC5 /* XCRemoteSwiftPackageReference "SwiftyRSA" */ = {
			isa = XCRemoteSwiftPackageReference;
			repositoryURL = "https://github.com/swift-package-manager/SwiftyRSA";
			requirement = {
				kind = upToNextMajorVersion;
				minimumVersion = 1.0.0;
			};
		};
		B02EEF1226FDB9030010515A /* XCRemoteSwiftPackageReference "Defaults" */ = {
			isa = XCRemoteSwiftPackageReference;
			repositoryURL = "https://github.com/sindresorhus/Defaults";
			requirement = {
				kind = upToNextMajorVersion;
				minimumVersion = 6.0.0;
			};
		};
		B02EEF1526FDB9110010515A /* XCRemoteSwiftPackageReference "Alamofire" */ = {
			isa = XCRemoteSwiftPackageReference;
			repositoryURL = "https://github.com/Alamofire/Alamofire";
			requirement = {
				kind = upToNextMajorVersion;
				minimumVersion = 5.0.0;
			};
		};
		B02EEF1826FDB91E0010515A /* XCRemoteSwiftPackageReference "Kingfisher" */ = {
			isa = XCRemoteSwiftPackageReference;
			repositoryURL = "https://github.com/onevcat/Kingfisher";
			requirement = {
				kind = upToNextMajorVersion;
				minimumVersion = 7.0.0;
			};
		};
		B02EEF1E26FDBA300010515A /* XCRemoteSwiftPackageReference "SwiftyJSON" */ = {
			isa = XCRemoteSwiftPackageReference;
			repositoryURL = "https://github.com/SwiftyJSON/SwiftyJSON";
			requirement = {
				kind = upToNextMajorVersion;
				minimumVersion = 5.0.0;
			};
		};
		B02EEF3F26FDDA140010515A /* XCRemoteSwiftPackageReference "SnapKit" */ = {
			isa = XCRemoteSwiftPackageReference;
			repositoryURL = "https://github.com/SnapKit/SnapKit";
			requirement = {
				kind = upToNextMajorVersion;
				minimumVersion = 5.0.0;
			};
		};
		B0CCEF0A27141EAB001235E9 /* XCRemoteSwiftPackageReference "DeviceKit" */ = {
			isa = XCRemoteSwiftPackageReference;
			repositoryURL = "https://github.com/devicekit/DeviceKit";
			requirement = {
				kind = upToNextMajorVersion;
				minimumVersion = 4.0.0;
			};
		};
/* End XCRemoteSwiftPackageReference section */

/* Begin XCSwiftPackageProductDependency section */
		B0093A0927159E0E00879AC5 /* SwiftyRSA */ = {
			isa = XCSwiftPackageProductDependency;
			package = B0093A0827159E0E00879AC5 /* XCRemoteSwiftPackageReference "SwiftyRSA" */;
			productName = SwiftyRSA;
		};
		B02EEF1326FDB9030010515A /* Defaults */ = {
			isa = XCSwiftPackageProductDependency;
			package = B02EEF1226FDB9030010515A /* XCRemoteSwiftPackageReference "Defaults" */;
			productName = Defaults;
		};
		B02EEF1626FDB9110010515A /* Alamofire */ = {
			isa = XCSwiftPackageProductDependency;
			package = B02EEF1526FDB9110010515A /* XCRemoteSwiftPackageReference "Alamofire" */;
			productName = Alamofire;
		};
		B02EEF1926FDB91E0010515A /* Kingfisher */ = {
			isa = XCSwiftPackageProductDependency;
			package = B02EEF1826FDB91E0010515A /* XCRemoteSwiftPackageReference "Kingfisher" */;
			productName = Kingfisher;
		};
		B02EEF1F26FDBA300010515A /* SwiftyJSON */ = {
			isa = XCSwiftPackageProductDependency;
			package = B02EEF1E26FDBA300010515A /* XCRemoteSwiftPackageReference "SwiftyJSON" */;
			productName = SwiftyJSON;
		};
		B02EEF4026FDDA140010515A /* SnapKit */ = {
			isa = XCSwiftPackageProductDependency;
			package = B02EEF3F26FDDA140010515A /* XCRemoteSwiftPackageReference "SnapKit" */;
			productName = SnapKit;
		};
		B0CCEF0B27141EAB001235E9 /* DeviceKit */ = {
			isa = XCSwiftPackageProductDependency;
			package = B0CCEF0A27141EAB001235E9 /* XCRemoteSwiftPackageReference "DeviceKit" */;
			productName = DeviceKit;
		};
/* End XCSwiftPackageProductDependency section */
	};
	rootObject = B02EEEEC26FDB2760010515A /* Project object */;
}
